
Microsoft Visual Studio Solution File, Format Version 12.00
# Visual Studio Version 16
VisualStudioVersion = 16.0.32510.428
MinimumVisualStudioVersion = 10.0.40219.1
Project("{FAE04EC0-301F-11D3-BF4B-00C04F79EFBC}") = "Tools", "Tools\Tools.csproj", "{A777CFAF-42A8-4BD8-9E01-4698F23CB810}"
EndProject
Project("{FAE04EC0-301F-11D3-BF4B-00C04F79EFBC}") = "GraphicMinimal", "GraphicMinimal\GraphicMinimal.csproj", "{B149FAA2-72F8-4846-8520-DFCDDBDAEE14}"
EndProject
Project("{FAE04EC0-301F-11D3-BF4B-00C04F79EFBC}") = "GraphicPanels", "GraphicPanels\GraphicPanels.csproj", "{70374F52-2740-4344-BA84-903C08B10B20}"
EndProject
Project("{FAE04EC0-301F-11D3-BF4B-00C04F79EFBC}") = "TriangleObjectGeneration", "TriangleObjectGeneration\TriangleObjectGeneration.csproj", "{75C32A07-9569-4624-9972-3ECEEE4CAE3A}"
EndProject
Project("{FAE04EC0-301F-11D3-BF4B-00C04F79EFBC}") = "GraphicPipelineCPU", "GraphicPipelineCPU\GraphicPipelineCPU.csproj", "{424391CA-1C3B-46E5-95FA-29C796B49DF2}"
EndProject
Project("{FAE04EC0-301F-11D3-BF4B-00C04F79EFBC}") = "Rasterizer", "Rasterizer\Rasterizer.csproj", "{1FE44FEA-1AE6-4268-8A80-C8F497390EE6}"
EndProject
Project("{FAE04EC0-301F-11D3-BF4B-00C04F79EFBC}") = "GraphicPipelineOpenGLv1_0", "GraphicPipelineOpenGLv1_0\GraphicPipelineOpenGLv1_0.csproj", "{0BCE7D40-44E7-44B9-9563-DF41307F1843}"
EndProject
Project("{FAE04EC0-301F-11D3-BF4B-00C04F79EFBC}") = "GraphicPipelineDirect3D11", "GraphicPipelineDirect3D11\GraphicPipelineDirect3D11.csproj", "{1DBC6AC1-451A-47F5-88D6-ADBD92C6E30E}"
EndProject
Project("{FAE04EC0-301F-11D3-BF4B-00C04F79EFBC}") = "GraphicPipelineOpenGLv3_0", "GraphicPipelineOpenGLv3_0\GraphicPipelineOpenGLv3_0.csproj", "{35076EAE-4553-4208-843F-E52D39A01964}"
EndProject
Project("{FAE04EC0-301F-11D3-BF4B-00C04F79EFBC}") = "RaytracerMain", "RaytracerMain\RaytracerMain.csproj", "{2CBB110C-223B-4426-B445-B04772DC17EC}"
EndProject
Project("{FAE04EC0-301F-11D3-BF4B-00C04F79EFBC}") = "ImageCreator", "ImageCreator\ImageCreator.csproj", "{727A7D5A-22B5-4018-9769-AB5DE9B57E01}"
EndProject
Project("{FAE04EC0-301F-11D3-BF4B-00C04F79EFBC}") = "RayTracerGlobal", "RayTracerGlobal\RayTracerGlobal.csproj", "{EAEAB694-A553-4E68-B0F4-FB0813BF062B}"
EndProject
Project("{FAE04EC0-301F-11D3-BF4B-00C04F79EFBC}") = "IntersectionTests", "IntersectionTests\IntersectionTests.csproj", "{EC763480-CB40-4CFF-88B9-B6209D38114B}"
EndProject
Project("{FAE04EC0-301F-11D3-BF4B-00C04F79EFBC}") = "RayObjects", "RayObjects\RayObjects.csproj", "{9E8D86B6-2326-43B6-B029-240D0A9139B8}"
EndProject
Project("{FAE04EC0-301F-11D3-BF4B-00C04F79EFBC}") = "TextureHelper", "TextureHelper\TextureHelper.csproj", "{2037CEFB-8E7A-4D35-8E86-E071104EC6D7}"
EndProject
Project("{FAE04EC0-301F-11D3-BF4B-00C04F79EFBC}") = "SubpathGenerator", "SubpathGenerator\SubpathGenerator.csproj", "{200904B4-8BCC-4895-9647-64122B668FDE}"
EndProject
Project("{FAE04EC0-301F-11D3-BF4B-00C04F79EFBC}") = "RaytracingLightSource", "RaytracingLightSource\RaytracingLightSource.csproj", "{94DAF9D6-E416-4964-B1C8-7A80B259BAA9}"
EndProject
Project("{FAE04EC0-301F-11D3-BF4B-00C04F79EFBC}") = "RaytracingBrdf", "RaytracingBrdf\RaytracingBrdf.csproj", "{7060CB48-A41B-4AF4-AFF3-B54CD57B7101}"
EndProject
Project("{FAE04EC0-301F-11D3-BF4B-00C04F79EFBC}") = "RaytracingColorEstimator", "RaytracingColorEstimator\RaytracingColorEstimator.csproj", "{2A5B4F56-580F-418C-AB3B-545D7A7E81CB}"
EndProject
Project("{FAE04EC0-301F-11D3-BF4B-00C04F79EFBC}") = "PointSearch", "PointSearch\PointSearch.csproj", "{9DFDA7D6-4482-4E9A-8AF3-FB4DD96F79FF}"
EndProject
Project("{FAE04EC0-301F-11D3-BF4B-00C04F79EFBC}") = "FullPathGenerator", "FullPathGenerator\FullPathGenerator.csproj", "{EF2029DA-FCD8-433D-8E19-E9E41D31ED1A}"
EndProject
Project("{FAE04EC0-301F-11D3-BF4B-00C04F79EFBC}") = "RaytracingMethods", "RaytracingMethods\RaytracingMethods.csproj", "{4A95C8BA-E941-49D5-8BB1-37D94C7EFD80}"
EndProject
Project("{FAE04EC0-301F-11D3-BF4B-00C04F79EFBC}") = "Radiosity", "Radiosity\Radiosity.csproj", "{97EB866F-64C2-4DF0-B191-A36C975CA012}"
EndProject
Project("{FAE04EC0-301F-11D3-BF4B-00C04F79EFBC}") = "BitmapHelper", "BitmapHelper\BitmapHelper.csproj", "{61FDFE91-0853-47E7-9F76-DF885C28CEF0}"
EndProject
Project("{FAE04EC0-301F-11D3-BF4B-00C04F79EFBC}") = "GraphicGlobal", "GraphicGlobal\GraphicGlobal.csproj", "{A2938D3C-DA44-4ABB-9F66-A4D502C803C7}"
EndProject
Project("{FAE04EC0-301F-11D3-BF4B-00C04F79EFBC}") = "ParticipatingMedia", "ParticipatingMedia\ParticipatingMedia.csproj", "{214AA3C8-CF4D-4A80-B67B-29E9E1558980}"
EndProject
Project("{FAE04EC0-301F-11D3-BF4B-00C04F79EFBC}") = "Photonmap", "Photonusmap\Photonmap.csproj", "{45061928-C88A-401B-B81C-4CC79DD70C4C}"
EndProject
Project("{FAE04EC0-301F-11D3-BF4B-00C04F79EFBC}") = "RaytracingRandom", "RaytracingRandom\RaytracingRandom.csproj", "{98A73AC3-620F-4520-89EA-B97A75573A3C}"
EndProject
Project("{2150E333-8FDC-42A3-9474-1A3956D46DE8}") = "Common", "Common", "{8407AE1D-71E8-492F-8D23-60DB19093C7C}"
EndProject
Project("{2150E333-8FDC-42A3-9474-1A3956D46DE8}") = "LocalIllilumination", "LocalIllilumination", "{D09FD50E-F6C7-4D14-A411-1977E3470E66}"
EndProject
Project("{2150E333-8FDC-42A3-9474-1A3956D46DE8}") = "Raytracing", "Raytracing", "{7F09FED5-FA8E-44CC-B512-A98A2D33F649}"
EndProject
Project("{2150E333-8FDC-42A3-9474-1A3956D46DE8}") = "UnitTests", "UnitTests", "{52AB0698-60DF-4705-BE55-E12330997D87}"
EndProject
Project("{2150E333-8FDC-42A3-9474-1A3956D46DE8}") = "Common", "Common", "{1B7B9BF4-F2A5-4C6B-ADF5-F71006B7B579}"
EndProject
Project("{FAE04EC0-301F-11D3-BF4B-00C04F79EFBC}") = "TriangleObjectGenerationTest", "TriangleObjectGenerationTest\TriangleObjectGenerationTest.csproj", "{F0CD076A-2CD3-4F2B-9885-5ADFD90504B5}"
EndProject
Project("{2150E333-8FDC-42A3-9474-1A3956D46DE8}") = "Raytracing", "Raytracing", "{88C3F660-2594-4891-8892-14BC3790C54E}"
EndProject
Project("{2150E333-8FDC-42A3-9474-1A3956D46DE8}") = "01_Intersection", "01_Intersection", "{D9800E4F-2764-49B1-8AB3-1FD92826E6FE}"
EndProject
Project("{2150E333-8FDC-42A3-9474-1A3956D46DE8}") = "02_RayObjects", "02_RayObjects", "{37126B16-7D67-4815-94A4-503EFBBBADCB}"
EndProject
Project("{2150E333-8FDC-42A3-9474-1A3956D46DE8}") = "03_SinglePointOrDirectionSampling", "03_SinglePointOrDirectionSampling", "{F3C0DE1B-B3A2-432E-ABEB-89887D5DDE50}"
EndProject
Project("{FAE04EC0-301F-11D3-BF4B-00C04F79EFBC}") = "RayCamera", "RayCamera\RayCamera.csproj", "{CF472BF4-2AE8-44C7-8B29-68824FF2E0AD}"
EndProject
Project("{2150E333-8FDC-42A3-9474-1A3956D46DE8}") = "04_SubpathSampler", "04_SubpathSampler", "{20508EAE-FC02-46BD-856E-8FFF36935667}"
EndProject
Project("{2150E333-8FDC-42A3-9474-1A3956D46DE8}") = "05_FullpathSampler", "05_FullpathSampler", "{8852D5F7-40A4-46D5-8F8B-A7FE79F207B0}"
EndProject
Project("{2150E333-8FDC-42A3-9474-1A3956D46DE8}") = "06_ColorEstimator", "06_ColorEstimator", "{D256CA8B-112A-4D6A-AEAF-551A71CBC2C0}"
EndProject
Project("{2150E333-8FDC-42A3-9474-1A3956D46DE8}") = "01_Intersection", "01_Intersection", "{0810F9C9-B9F6-4AFC-AEC1-429109454C34}"
EndProject
Project("{FAE04EC0-301F-11D3-BF4B-00C04F79EFBC}") = "PointSearchTest", "PointSearchTest\PointSearchTest.csproj", "{8307ED55-63C9-4CE4-AC89-85C03508297E}"
EndProject
Project("{2150E333-8FDC-42A3-9474-1A3956D46DE8}") = "03_SinglePointOrDirectionSampling", "03_SinglePointOrDirectionSampling", "{5FB50757-F571-4C93-B9B9-ADB16E9148AB}"
EndProject
Project("{FAE04EC0-301F-11D3-BF4B-00C04F79EFBC}") = "RayCameraTest", "RayCameraTest\RayCameraTest.csproj", "{7C215115-CC74-4FF1-B144-465CB4695128}"
EndProject
Project("{FAE04EC0-301F-11D3-BF4B-00C04F79EFBC}") = "RaytracingLightSourceTest", "RaytracingLightSourceTest\RaytracingLightSourceTest.csproj", "{A2B7C3F0-CFEA-4B7D-B9A2-7FC672C84C11}"
EndProject
Project("{FAE04EC0-301F-11D3-BF4B-00C04F79EFBC}") = "IntersectionTestsTest", "IntersectionTestsTest\IntersectionTestsTest.csproj", "{FC2045EA-B674-461F-8C6A-049731B3D7B5}"
EndProject
Project("{FAE04EC0-301F-11D3-BF4B-00C04F79EFBC}") = "RaytracingBrdfTest", "RaytracingBrdfTest\RaytracingBrdfTest.csproj", "{4C5CD6DB-C8B3-4EBC-BF84-C18D3BB397B6}"
EndProject
Project("{2150E333-8FDC-42A3-9474-1A3956D46DE8}") = "04_SubpathSampler", "04_SubpathSampler", "{9DBD6756-0767-42E0-B2FB-3EE6A9EAB45E}"
EndProject
Project("{FAE04EC0-301F-11D3-BF4B-00C04F79EFBC}") = "SubpathGeneratorTest", "SubpathGeneratorTest\SubpathGeneratorTest.csproj", "{5BC1031E-167D-4580-987A-9526B0313B2F}"
EndProject
Project("{FAE04EC0-301F-11D3-BF4B-00C04F79EFBC}") = "ObjectDivider", "ObjectDivider\ObjectDivider.csproj", "{C71EFDA0-00C3-4721-BF51-299C53E14E87}"
EndProject
Project("{2150E333-8FDC-42A3-9474-1A3956D46DE8}") = "GeometryData", "GeometryData", "{45361C5F-6904-4E9A-8EBE-B232F6A96126}"
EndProject
Project("{2150E333-8FDC-42A3-9474-1A3956D46DE8}") = "GeometryData", "GeometryData", "{0DF6083C-4091-4420-B5DB-F045A1B9C004}"
EndProject
Project("{FAE04EC0-301F-11D3-BF4B-00C04F79EFBC}") = "ObjectDividerTest", "ObjectDividerTest\ObjectDividerTest.csproj", "{6751BECA-6925-461A-80CE-EAF429D1EC52}"
EndProject
Project("{2150E333-8FDC-42A3-9474-1A3956D46DE8}") = "05_FullpathSampler", "05_FullpathSampler", "{965FB469-9604-4073-9728-148CE4CB7FF0}"
EndProject
Project("{FAE04EC0-301F-11D3-BF4B-00C04F79EFBC}") = "FullPathGeneratorTest", "FullPathGeneratorTest\FullPathGeneratorTest.csproj", "{E5783E17-BE04-44FF-9333-31D0E70C0D32}"
EndProject
Project("{FAE04EC0-301F-11D3-BF4B-00C04F79EFBC}") = "PdfHistogram", "PdfHistogram\PdfHistogram.csproj", "{24743C8C-A488-499C-ABA1-040D596DABD7}"
EndProject
Project("{FAE04EC0-301F-11D3-BF4B-00C04F79EFBC}") = "GraphicPanelsTest", "GraphicPanelsTest\GraphicPanelsTest.csproj", "{5BB35524-8C3F-4553-B4F6-D7672A4E5C72}"
EndProject
Project("{FAE04EC0-301F-11D3-BF4B-00C04F79EFBC}") = "ParticipatingMediaTest", "ParticipatingMediaTest\ParticipatingMediaTest.csproj", "{FE415C68-0E0A-4827-B82E-02BA5DF0CDEA}"
EndProject
Project("{FAE04EC0-301F-11D3-BF4B-00C04F79EFBC}") = "RaytracingRandomTest", "RaytracingRandomTest\RaytracingRandomTest.csproj", "{A7AE05D7-25DC-4BC1-A8F6-B63419282847}"
EndProject
Project("{FAE04EC0-301F-11D3-BF4B-00C04F79EFBC}") = "GraphicGlobalTest", "GraphicGlobalTest\GraphicGlobalTest.csproj", "{A7D98865-0684-424E-91A2-246F58AC72ED}"
EndProject
Project("{2150E333-8FDC-42A3-9474-1A3956D46DE8}") = "RaytracingTestHelper", "RaytracingTestHelper", "{5A70FDED-A10E-4653-92F2-9AFFF7B9E0B8}"
EndProject
Project("{2150E333-8FDC-42A3-9474-1A3956D46DE8}") = "08_ImageCreator", "08_ImageCreator", "{DCADB873-366E-4E24-9BC6-5C2C3AEF0546}"
EndProject
Project("{2150E333-8FDC-42A3-9474-1A3956D46DE8}") = "09_RaytracerMain", "09_RaytracerMain", "{59826D6E-121D-4E32-8AD2-6D3748BF72C8}"
EndProject
Project("{2150E333-8FDC-42A3-9474-1A3956D46DE8}") = "07_RaytracingMethods", "07_RaytracingMethods", "{1F97CF55-9D70-4493-9134-6BBC78C0A4C5}"
EndProject
Project("{2150E333-8FDC-42A3-9474-1A3956D46DE8}") = "02_RayObjects", "02_RayObjects", "{80EFB6EC-AEE1-4D60-B693-798D81119B6B}"
EndProject
Project("{FAE04EC0-301F-11D3-BF4B-00C04F79EFBC}") = "RayObjectTests", "RayObjectTests\RayObjectTests.csproj", "{EB126644-8974-4775-9D3C-DC47300A57BE}"
EndProject
Project("{2150E333-8FDC-42A3-9474-1A3956D46DE8}") = "08_ImageCreator", "08_ImageCreator", "{CAA23CB7-7567-4F41-A4EC-3C697E73AAA1}"
EndProject
Project("{FAE04EC0-301F-11D3-BF4B-00C04F79EFBC}") = "ImageCreatorTest", "ImageCreatorTest\ImageCreatorTest.csproj", "{AF74C718-EAAF-4972-90D5-CFA41377735D}"
EndProject
Project("{FAE04EC0-301F-11D3-BF4B-00C04F79EFBC}") = "GraphicMinimalTest", "GraphicMinimalTest\GraphicMinimalTest.csproj", "{60F780BF-9AC4-4597-9CB7-2C8DC8BC2297}"
EndProject
Project("{FAE04EC0-301F-11D3-BF4B-00C04F79EFBC}") = "UnitTestHelper", "UnitTestHelper\UnitTestHelper.csproj", "{E468D53B-AA53-4A92-99D9-7C64E0982B4F}"
EndProject
Project("{FAE04EC0-301F-11D3-BF4B-00C04F79EFBC}") = "ToolsTest", "ToolsTest\ToolsTest.csproj", "{F2A0EC32-7ED3-4397-8E62-336AEDD7E987}"
EndProject
Project("{2150E333-8FDC-42A3-9474-1A3956D46DE8}") = "LocalIllilumination", "LocalIllilumination", "{506AFE27-BD97-4FDB-BF84-B84EBFDF77E9}"
EndProject
Project("{FAE04EC0-301F-11D3-BF4B-00C04F79EFBC}") = "RasterizerTest", "RasterizerTest\RasterizerTest.csproj", "{06679210-6509-4920-AA58-9CAF24CB090B}"
EndProject
Project("{FAE04EC0-301F-11D3-BF4B-00C04F79EFBC}") = "GraphicPipelineCPUTest", "GraphicPipelineCPUTest\GraphicPipelineCPUTest.csproj", "{65D9E30F-8827-4911-BBC6-3A1BCBCDA388}"
EndProject
Project("{2150E333-8FDC-42A3-9474-1A3956D46DE8}") = "07_RaytracingMethods", "07_RaytracingMethods", "{E6C9F3D3-724B-40F1-87FF-3AC72D3234F0}"
EndProject
Project("{FAE04EC0-301F-11D3-BF4B-00C04F79EFBC}") = "RadiosityTest", "RadiosityTest\RadiosityTest.csproj", "{F1A1C4C8-1C62-460E-84F2-63080E751441}"
EndProject
Project("{FAE04EC0-301F-11D3-BF4B-00C04F79EFBC}") = "Graphic2DTest", "Graphic2DTest\Graphic2DTest.csproj", "{BC058911-AA38-48E1-912C-0FF22DB00E46}"
EndProject
Project("{FAE04EC0-301F-11D3-BF4B-00C04F79EFBC}") = "RaytracingMethodsTest", "RaytracingMethodsTest\RaytracingMethodsTest.csproj", "{0B3CFF4A-48F1-4393-BE5C-82CA0B580459}"
EndProject
Global
	GlobalSection(SolutionConfigurationPlatforms) = preSolution
		Debug|Any CPU = Debug|Any CPU
		Debug|Mixed Platforms = Debug|Mixed Platforms
		Debug|x64 = Debug|x64
		Debug|x86 = Debug|x86
		Release|Any CPU = Release|Any CPU
		Release|Mixed Platforms = Release|Mixed Platforms
		Release|x64 = Release|x64
		Release|x86 = Release|x86
	EndGlobalSection
	GlobalSection(ProjectConfigurationPlatforms) = postSolution
		{A777CFAF-42A8-4BD8-9E01-4698F23CB810}.Debug|Any CPU.ActiveCfg = Debug|x86
		{A777CFAF-42A8-4BD8-9E01-4698F23CB810}.Debug|Any CPU.Build.0 = Debug|x86
		{A777CFAF-42A8-4BD8-9E01-4698F23CB810}.Debug|Mixed Platforms.ActiveCfg = Debug|x86
		{A777CFAF-42A8-4BD8-9E01-4698F23CB810}.Debug|Mixed Platforms.Build.0 = Debug|x86
		{A777CFAF-42A8-4BD8-9E01-4698F23CB810}.Debug|x64.ActiveCfg = Debug|x64
		{A777CFAF-42A8-4BD8-9E01-4698F23CB810}.Debug|x64.Build.0 = Debug|x64
		{A777CFAF-42A8-4BD8-9E01-4698F23CB810}.Debug|x86.ActiveCfg = Debug|x86
		{A777CFAF-42A8-4BD8-9E01-4698F23CB810}.Debug|x86.Build.0 = Debug|x86
		{A777CFAF-42A8-4BD8-9E01-4698F23CB810}.Release|Any CPU.ActiveCfg = Release|x86
		{A777CFAF-42A8-4BD8-9E01-4698F23CB810}.Release|Mixed Platforms.ActiveCfg = Release|x86
		{A777CFAF-42A8-4BD8-9E01-4698F23CB810}.Release|Mixed Platforms.Build.0 = Release|x86
		{A777CFAF-42A8-4BD8-9E01-4698F23CB810}.Release|x64.ActiveCfg = Release|x64
		{A777CFAF-42A8-4BD8-9E01-4698F23CB810}.Release|x64.Build.0 = Release|x64
		{A777CFAF-42A8-4BD8-9E01-4698F23CB810}.Release|x86.ActiveCfg = Release|x86
		{A777CFAF-42A8-4BD8-9E01-4698F23CB810}.Release|x86.Build.0 = Release|x86
		{B149FAA2-72F8-4846-8520-DFCDDBDAEE14}.Debug|Any CPU.ActiveCfg = Debug|Any CPU
		{B149FAA2-72F8-4846-8520-DFCDDBDAEE14}.Debug|Any CPU.Build.0 = Debug|Any CPU
		{B149FAA2-72F8-4846-8520-DFCDDBDAEE14}.Debug|Mixed Platforms.ActiveCfg = Debug|Any CPU
		{B149FAA2-72F8-4846-8520-DFCDDBDAEE14}.Debug|Mixed Platforms.Build.0 = Debug|Any CPU
		{B149FAA2-72F8-4846-8520-DFCDDBDAEE14}.Debug|x64.ActiveCfg = Debug|Any CPU
		{B149FAA2-72F8-4846-8520-DFCDDBDAEE14}.Debug|x64.Build.0 = Debug|Any CPU
		{B149FAA2-72F8-4846-8520-DFCDDBDAEE14}.Debug|x86.ActiveCfg = Debug|Any CPU
		{B149FAA2-72F8-4846-8520-DFCDDBDAEE14}.Release|Any CPU.ActiveCfg = Release|Any CPU
		{B149FAA2-72F8-4846-8520-DFCDDBDAEE14}.Release|Any CPU.Build.0 = Release|Any CPU
		{B149FAA2-72F8-4846-8520-DFCDDBDAEE14}.Release|Mixed Platforms.ActiveCfg = Release|Any CPU
		{B149FAA2-72F8-4846-8520-DFCDDBDAEE14}.Release|Mixed Platforms.Build.0 = Release|Any CPU
		{B149FAA2-72F8-4846-8520-DFCDDBDAEE14}.Release|x64.ActiveCfg = Release|Any CPU
		{B149FAA2-72F8-4846-8520-DFCDDBDAEE14}.Release|x64.Build.0 = Release|Any CPU
		{B149FAA2-72F8-4846-8520-DFCDDBDAEE14}.Release|x86.ActiveCfg = Release|Any CPU
		{70374F52-2740-4344-BA84-903C08B10B20}.Debug|Any CPU.ActiveCfg = Debug|Any CPU
		{70374F52-2740-4344-BA84-903C08B10B20}.Debug|Any CPU.Build.0 = Debug|Any CPU
		{70374F52-2740-4344-BA84-903C08B10B20}.Debug|Mixed Platforms.ActiveCfg = Debug|Any CPU
		{70374F52-2740-4344-BA84-903C08B10B20}.Debug|Mixed Platforms.Build.0 = Debug|Any CPU
		{70374F52-2740-4344-BA84-903C08B10B20}.Debug|x64.ActiveCfg = Debug|Any CPU
		{70374F52-2740-4344-BA84-903C08B10B20}.Debug|x64.Build.0 = Debug|Any CPU
		{70374F52-2740-4344-BA84-903C08B10B20}.Debug|x86.ActiveCfg = Debug|Any CPU
		{70374F52-2740-4344-BA84-903C08B10B20}.Release|Any CPU.ActiveCfg = Release|Any CPU
		{70374F52-2740-4344-BA84-903C08B10B20}.Release|Any CPU.Build.0 = Release|Any CPU
		{70374F52-2740-4344-BA84-903C08B10B20}.Release|Mixed Platforms.ActiveCfg = Release|Any CPU
		{70374F52-2740-4344-BA84-903C08B10B20}.Release|Mixed Platforms.Build.0 = Release|Any CPU
		{70374F52-2740-4344-BA84-903C08B10B20}.Release|x64.ActiveCfg = Release|Any CPU
		{70374F52-2740-4344-BA84-903C08B10B20}.Release|x64.Build.0 = Release|Any CPU
		{70374F52-2740-4344-BA84-903C08B10B20}.Release|x86.ActiveCfg = Release|Any CPU
		{75C32A07-9569-4624-9972-3ECEEE4CAE3A}.Debug|Any CPU.ActiveCfg = Debug|Any CPU
		{75C32A07-9569-4624-9972-3ECEEE4CAE3A}.Debug|Any CPU.Build.0 = Debug|Any CPU
		{75C32A07-9569-4624-9972-3ECEEE4CAE3A}.Debug|Mixed Platforms.ActiveCfg = Debug|Any CPU
		{75C32A07-9569-4624-9972-3ECEEE4CAE3A}.Debug|Mixed Platforms.Build.0 = Debug|Any CPU
		{75C32A07-9569-4624-9972-3ECEEE4CAE3A}.Debug|x64.ActiveCfg = Debug|Any CPU
		{75C32A07-9569-4624-9972-3ECEEE4CAE3A}.Debug|x64.Build.0 = Debug|Any CPU
		{75C32A07-9569-4624-9972-3ECEEE4CAE3A}.Debug|x86.ActiveCfg = Debug|Any CPU
		{75C32A07-9569-4624-9972-3ECEEE4CAE3A}.Release|Any CPU.ActiveCfg = Release|Any CPU
		{75C32A07-9569-4624-9972-3ECEEE4CAE3A}.Release|Any CPU.Build.0 = Release|Any CPU
		{75C32A07-9569-4624-9972-3ECEEE4CAE3A}.Release|Mixed Platforms.ActiveCfg = Release|Any CPU
		{75C32A07-9569-4624-9972-3ECEEE4CAE3A}.Release|Mixed Platforms.Build.0 = Release|Any CPU
		{75C32A07-9569-4624-9972-3ECEEE4CAE3A}.Release|x64.ActiveCfg = Release|Any CPU
		{75C32A07-9569-4624-9972-3ECEEE4CAE3A}.Release|x64.Build.0 = Release|Any CPU
		{75C32A07-9569-4624-9972-3ECEEE4CAE3A}.Release|x86.ActiveCfg = Release|Any CPU
		{424391CA-1C3B-46E5-95FA-29C796B49DF2}.Debug|Any CPU.ActiveCfg = Debug|Any CPU
		{424391CA-1C3B-46E5-95FA-29C796B49DF2}.Debug|Any CPU.Build.0 = Debug|Any CPU
		{424391CA-1C3B-46E5-95FA-29C796B49DF2}.Debug|Mixed Platforms.ActiveCfg = Debug|Any CPU
		{424391CA-1C3B-46E5-95FA-29C796B49DF2}.Debug|Mixed Platforms.Build.0 = Debug|Any CPU
		{424391CA-1C3B-46E5-95FA-29C796B49DF2}.Debug|x64.ActiveCfg = Debug|Any CPU
		{424391CA-1C3B-46E5-95FA-29C796B49DF2}.Debug|x64.Build.0 = Debug|Any CPU
		{424391CA-1C3B-46E5-95FA-29C796B49DF2}.Debug|x86.ActiveCfg = Debug|Any CPU
		{424391CA-1C3B-46E5-95FA-29C796B49DF2}.Release|Any CPU.ActiveCfg = Release|Any CPU
		{424391CA-1C3B-46E5-95FA-29C796B49DF2}.Release|Any CPU.Build.0 = Release|Any CPU
		{424391CA-1C3B-46E5-95FA-29C796B49DF2}.Release|Mixed Platforms.ActiveCfg = Release|Any CPU
		{424391CA-1C3B-46E5-95FA-29C796B49DF2}.Release|Mixed Platforms.Build.0 = Release|Any CPU
		{424391CA-1C3B-46E5-95FA-29C796B49DF2}.Release|x64.ActiveCfg = Release|Any CPU
		{424391CA-1C3B-46E5-95FA-29C796B49DF2}.Release|x64.Build.0 = Release|Any CPU
		{424391CA-1C3B-46E5-95FA-29C796B49DF2}.Release|x86.ActiveCfg = Release|Any CPU
		{1FE44FEA-1AE6-4268-8A80-C8F497390EE6}.Debug|Any CPU.ActiveCfg = Debug|Any CPU
		{1FE44FEA-1AE6-4268-8A80-C8F497390EE6}.Debug|Any CPU.Build.0 = Debug|Any CPU
		{1FE44FEA-1AE6-4268-8A80-C8F497390EE6}.Debug|Mixed Platforms.ActiveCfg = Debug|Any CPU
		{1FE44FEA-1AE6-4268-8A80-C8F497390EE6}.Debug|Mixed Platforms.Build.0 = Debug|Any CPU
		{1FE44FEA-1AE6-4268-8A80-C8F497390EE6}.Debug|x64.ActiveCfg = Debug|Any CPU
		{1FE44FEA-1AE6-4268-8A80-C8F497390EE6}.Debug|x64.Build.0 = Debug|Any CPU
		{1FE44FEA-1AE6-4268-8A80-C8F497390EE6}.Debug|x86.ActiveCfg = Debug|Any CPU
		{1FE44FEA-1AE6-4268-8A80-C8F497390EE6}.Release|Any CPU.ActiveCfg = Release|Any CPU
		{1FE44FEA-1AE6-4268-8A80-C8F497390EE6}.Release|Any CPU.Build.0 = Release|Any CPU
		{1FE44FEA-1AE6-4268-8A80-C8F497390EE6}.Release|Mixed Platforms.ActiveCfg = Release|Any CPU
		{1FE44FEA-1AE6-4268-8A80-C8F497390EE6}.Release|Mixed Platforms.Build.0 = Release|Any CPU
		{1FE44FEA-1AE6-4268-8A80-C8F497390EE6}.Release|x64.ActiveCfg = Release|Any CPU
		{1FE44FEA-1AE6-4268-8A80-C8F497390EE6}.Release|x64.Build.0 = Release|Any CPU
		{1FE44FEA-1AE6-4268-8A80-C8F497390EE6}.Release|x86.ActiveCfg = Release|Any CPU
		{0BCE7D40-44E7-44B9-9563-DF41307F1843}.Debug|Any CPU.ActiveCfg = Debug|Any CPU
		{0BCE7D40-44E7-44B9-9563-DF41307F1843}.Debug|Any CPU.Build.0 = Debug|Any CPU
		{0BCE7D40-44E7-44B9-9563-DF41307F1843}.Debug|Mixed Platforms.ActiveCfg = Debug|Any CPU
		{0BCE7D40-44E7-44B9-9563-DF41307F1843}.Debug|Mixed Platforms.Build.0 = Debug|Any CPU
		{0BCE7D40-44E7-44B9-9563-DF41307F1843}.Debug|x64.ActiveCfg = Debug|Any CPU
		{0BCE7D40-44E7-44B9-9563-DF41307F1843}.Debug|x64.Build.0 = Debug|Any CPU
		{0BCE7D40-44E7-44B9-9563-DF41307F1843}.Debug|x86.ActiveCfg = Debug|Any CPU
		{0BCE7D40-44E7-44B9-9563-DF41307F1843}.Release|Any CPU.ActiveCfg = Release|Any CPU
		{0BCE7D40-44E7-44B9-9563-DF41307F1843}.Release|Any CPU.Build.0 = Release|Any CPU
		{0BCE7D40-44E7-44B9-9563-DF41307F1843}.Release|Mixed Platforms.ActiveCfg = Release|Any CPU
		{0BCE7D40-44E7-44B9-9563-DF41307F1843}.Release|Mixed Platforms.Build.0 = Release|Any CPU
		{0BCE7D40-44E7-44B9-9563-DF41307F1843}.Release|x64.ActiveCfg = Release|Any CPU
		{0BCE7D40-44E7-44B9-9563-DF41307F1843}.Release|x64.Build.0 = Release|Any CPU
		{0BCE7D40-44E7-44B9-9563-DF41307F1843}.Release|x86.ActiveCfg = Release|Any CPU
		{1DBC6AC1-451A-47F5-88D6-ADBD92C6E30E}.Debug|Any CPU.ActiveCfg = Debug|Any CPU
		{1DBC6AC1-451A-47F5-88D6-ADBD92C6E30E}.Debug|Any CPU.Build.0 = Debug|Any CPU
		{1DBC6AC1-451A-47F5-88D6-ADBD92C6E30E}.Debug|Mixed Platforms.ActiveCfg = Debug|Any CPU
		{1DBC6AC1-451A-47F5-88D6-ADBD92C6E30E}.Debug|Mixed Platforms.Build.0 = Debug|Any CPU
		{1DBC6AC1-451A-47F5-88D6-ADBD92C6E30E}.Debug|x64.ActiveCfg = Debug|Any CPU
		{1DBC6AC1-451A-47F5-88D6-ADBD92C6E30E}.Debug|x64.Build.0 = Debug|Any CPU
		{1DBC6AC1-451A-47F5-88D6-ADBD92C6E30E}.Debug|x86.ActiveCfg = Debug|Any CPU
		{1DBC6AC1-451A-47F5-88D6-ADBD92C6E30E}.Release|Any CPU.ActiveCfg = Release|Any CPU
		{1DBC6AC1-451A-47F5-88D6-ADBD92C6E30E}.Release|Any CPU.Build.0 = Release|Any CPU
		{1DBC6AC1-451A-47F5-88D6-ADBD92C6E30E}.Release|Mixed Platforms.ActiveCfg = Release|Any CPU
		{1DBC6AC1-451A-47F5-88D6-ADBD92C6E30E}.Release|Mixed Platforms.Build.0 = Release|Any CPU
		{1DBC6AC1-451A-47F5-88D6-ADBD92C6E30E}.Release|x64.ActiveCfg = Release|Any CPU
		{1DBC6AC1-451A-47F5-88D6-ADBD92C6E30E}.Release|x64.Build.0 = Release|Any CPU
		{1DBC6AC1-451A-47F5-88D6-ADBD92C6E30E}.Release|x86.ActiveCfg = Release|Any CPU
		{35076EAE-4553-4208-843F-E52D39A01964}.Debug|Any CPU.ActiveCfg = Debug|Any CPU
		{35076EAE-4553-4208-843F-E52D39A01964}.Debug|Any CPU.Build.0 = Debug|Any CPU
		{35076EAE-4553-4208-843F-E52D39A01964}.Debug|Mixed Platforms.ActiveCfg = Debug|Any CPU
		{35076EAE-4553-4208-843F-E52D39A01964}.Debug|Mixed Platforms.Build.0 = Debug|Any CPU
		{35076EAE-4553-4208-843F-E52D39A01964}.Debug|x64.ActiveCfg = Debug|Any CPU
		{35076EAE-4553-4208-843F-E52D39A01964}.Debug|x64.Build.0 = Debug|Any CPU
		{35076EAE-4553-4208-843F-E52D39A01964}.Debug|x86.ActiveCfg = Debug|Any CPU
		{35076EAE-4553-4208-843F-E52D39A01964}.Release|Any CPU.ActiveCfg = Release|Any CPU
		{35076EAE-4553-4208-843F-E52D39A01964}.Release|Any CPU.Build.0 = Release|Any CPU
		{35076EAE-4553-4208-843F-E52D39A01964}.Release|Mixed Platforms.ActiveCfg = Release|Any CPU
		{35076EAE-4553-4208-843F-E52D39A01964}.Release|Mixed Platforms.Build.0 = Release|Any CPU
		{35076EAE-4553-4208-843F-E52D39A01964}.Release|x64.ActiveCfg = Release|Any CPU
		{35076EAE-4553-4208-843F-E52D39A01964}.Release|x64.Build.0 = Release|Any CPU
		{35076EAE-4553-4208-843F-E52D39A01964}.Release|x86.ActiveCfg = Release|Any CPU
		{2CBB110C-223B-4426-B445-B04772DC17EC}.Debug|Any CPU.ActiveCfg = Debug|Any CPU
		{2CBB110C-223B-4426-B445-B04772DC17EC}.Debug|Any CPU.Build.0 = Debug|Any CPU
		{2CBB110C-223B-4426-B445-B04772DC17EC}.Debug|Mixed Platforms.ActiveCfg = Debug|Any CPU
		{2CBB110C-223B-4426-B445-B04772DC17EC}.Debug|Mixed Platforms.Build.0 = Debug|Any CPU
		{2CBB110C-223B-4426-B445-B04772DC17EC}.Debug|x64.ActiveCfg = Debug|Any CPU
		{2CBB110C-223B-4426-B445-B04772DC17EC}.Debug|x64.Build.0 = Debug|Any CPU
		{2CBB110C-223B-4426-B445-B04772DC17EC}.Debug|x86.ActiveCfg = Debug|Any CPU
		{2CBB110C-223B-4426-B445-B04772DC17EC}.Release|Any CPU.ActiveCfg = Release|Any CPU
		{2CBB110C-223B-4426-B445-B04772DC17EC}.Release|Any CPU.Build.0 = Release|Any CPU
		{2CBB110C-223B-4426-B445-B04772DC17EC}.Release|Mixed Platforms.ActiveCfg = Release|Any CPU
		{2CBB110C-223B-4426-B445-B04772DC17EC}.Release|Mixed Platforms.Build.0 = Release|Any CPU
		{2CBB110C-223B-4426-B445-B04772DC17EC}.Release|x64.ActiveCfg = Release|Any CPU
		{2CBB110C-223B-4426-B445-B04772DC17EC}.Release|x64.Build.0 = Release|Any CPU
		{2CBB110C-223B-4426-B445-B04772DC17EC}.Release|x86.ActiveCfg = Release|Any CPU
		{727A7D5A-22B5-4018-9769-AB5DE9B57E01}.Debug|Any CPU.ActiveCfg = Debug|Any CPU
		{727A7D5A-22B5-4018-9769-AB5DE9B57E01}.Debug|Any CPU.Build.0 = Debug|Any CPU
		{727A7D5A-22B5-4018-9769-AB5DE9B57E01}.Debug|Mixed Platforms.ActiveCfg = Debug|Any CPU
		{727A7D5A-22B5-4018-9769-AB5DE9B57E01}.Debug|Mixed Platforms.Build.0 = Debug|Any CPU
		{727A7D5A-22B5-4018-9769-AB5DE9B57E01}.Debug|x64.ActiveCfg = Debug|Any CPU
		{727A7D5A-22B5-4018-9769-AB5DE9B57E01}.Debug|x64.Build.0 = Debug|Any CPU
		{727A7D5A-22B5-4018-9769-AB5DE9B57E01}.Debug|x86.ActiveCfg = Debug|Any CPU
		{727A7D5A-22B5-4018-9769-AB5DE9B57E01}.Release|Any CPU.ActiveCfg = Release|Any CPU
		{727A7D5A-22B5-4018-9769-AB5DE9B57E01}.Release|Any CPU.Build.0 = Release|Any CPU
		{727A7D5A-22B5-4018-9769-AB5DE9B57E01}.Release|Mixed Platforms.ActiveCfg = Release|Any CPU
		{727A7D5A-22B5-4018-9769-AB5DE9B57E01}.Release|Mixed Platforms.Build.0 = Release|Any CPU
		{727A7D5A-22B5-4018-9769-AB5DE9B57E01}.Release|x64.ActiveCfg = Release|Any CPU
		{727A7D5A-22B5-4018-9769-AB5DE9B57E01}.Release|x64.Build.0 = Release|Any CPU
		{727A7D5A-22B5-4018-9769-AB5DE9B57E01}.Release|x86.ActiveCfg = Release|Any CPU
		{EAEAB694-A553-4E68-B0F4-FB0813BF062B}.Debug|Any CPU.ActiveCfg = Debug|Any CPU
		{EAEAB694-A553-4E68-B0F4-FB0813BF062B}.Debug|Any CPU.Build.0 = Debug|Any CPU
		{EAEAB694-A553-4E68-B0F4-FB0813BF062B}.Debug|Mixed Platforms.ActiveCfg = Debug|Any CPU
		{EAEAB694-A553-4E68-B0F4-FB0813BF062B}.Debug|Mixed Platforms.Build.0 = Debug|Any CPU
		{EAEAB694-A553-4E68-B0F4-FB0813BF062B}.Debug|x64.ActiveCfg = Debug|Any CPU
		{EAEAB694-A553-4E68-B0F4-FB0813BF062B}.Debug|x64.Build.0 = Debug|Any CPU
		{EAEAB694-A553-4E68-B0F4-FB0813BF062B}.Debug|x86.ActiveCfg = Debug|Any CPU
		{EAEAB694-A553-4E68-B0F4-FB0813BF062B}.Release|Any CPU.ActiveCfg = Release|Any CPU
		{EAEAB694-A553-4E68-B0F4-FB0813BF062B}.Release|Any CPU.Build.0 = Release|Any CPU
		{EAEAB694-A553-4E68-B0F4-FB0813BF062B}.Release|Mixed Platforms.ActiveCfg = Release|Any CPU
		{EAEAB694-A553-4E68-B0F4-FB0813BF062B}.Release|Mixed Platforms.Build.0 = Release|Any CPU
		{EAEAB694-A553-4E68-B0F4-FB0813BF062B}.Release|x64.ActiveCfg = Release|Any CPU
		{EAEAB694-A553-4E68-B0F4-FB0813BF062B}.Release|x64.Build.0 = Release|Any CPU
		{EAEAB694-A553-4E68-B0F4-FB0813BF062B}.Release|x86.ActiveCfg = Release|Any CPU
		{EC763480-CB40-4CFF-88B9-B6209D38114B}.Debug|Any CPU.ActiveCfg = Debug|Any CPU
		{EC763480-CB40-4CFF-88B9-B6209D38114B}.Debug|Any CPU.Build.0 = Debug|Any CPU
		{EC763480-CB40-4CFF-88B9-B6209D38114B}.Debug|Mixed Platforms.ActiveCfg = Debug|Any CPU
		{EC763480-CB40-4CFF-88B9-B6209D38114B}.Debug|Mixed Platforms.Build.0 = Debug|Any CPU
		{EC763480-CB40-4CFF-88B9-B6209D38114B}.Debug|x64.ActiveCfg = Debug|Any CPU
		{EC763480-CB40-4CFF-88B9-B6209D38114B}.Debug|x64.Build.0 = Debug|Any CPU
		{EC763480-CB40-4CFF-88B9-B6209D38114B}.Debug|x86.ActiveCfg = Debug|Any CPU
		{EC763480-CB40-4CFF-88B9-B6209D38114B}.Release|Any CPU.ActiveCfg = Release|Any CPU
		{EC763480-CB40-4CFF-88B9-B6209D38114B}.Release|Any CPU.Build.0 = Release|Any CPU
		{EC763480-CB40-4CFF-88B9-B6209D38114B}.Release|Mixed Platforms.ActiveCfg = Release|Any CPU
		{EC763480-CB40-4CFF-88B9-B6209D38114B}.Release|Mixed Platforms.Build.0 = Release|Any CPU
		{EC763480-CB40-4CFF-88B9-B6209D38114B}.Release|x64.ActiveCfg = Release|Any CPU
		{EC763480-CB40-4CFF-88B9-B6209D38114B}.Release|x64.Build.0 = Release|Any CPU
		{EC763480-CB40-4CFF-88B9-B6209D38114B}.Release|x86.ActiveCfg = Release|Any CPU
		{9E8D86B6-2326-43B6-B029-240D0A9139B8}.Debug|Any CPU.ActiveCfg = Debug|Any CPU
		{9E8D86B6-2326-43B6-B029-240D0A9139B8}.Debug|Any CPU.Build.0 = Debug|Any CPU
		{9E8D86B6-2326-43B6-B029-240D0A9139B8}.Debug|Mixed Platforms.ActiveCfg = Debug|Any CPU
		{9E8D86B6-2326-43B6-B029-240D0A9139B8}.Debug|Mixed Platforms.Build.0 = Debug|Any CPU
		{9E8D86B6-2326-43B6-B029-240D0A9139B8}.Debug|x64.ActiveCfg = Debug|Any CPU
		{9E8D86B6-2326-43B6-B029-240D0A9139B8}.Debug|x64.Build.0 = Debug|Any CPU
		{9E8D86B6-2326-43B6-B029-240D0A9139B8}.Debug|x86.ActiveCfg = Debug|Any CPU
		{9E8D86B6-2326-43B6-B029-240D0A9139B8}.Release|Any CPU.ActiveCfg = Release|Any CPU
		{9E8D86B6-2326-43B6-B029-240D0A9139B8}.Release|Any CPU.Build.0 = Release|Any CPU
		{9E8D86B6-2326-43B6-B029-240D0A9139B8}.Release|Mixed Platforms.ActiveCfg = Release|Any CPU
		{9E8D86B6-2326-43B6-B029-240D0A9139B8}.Release|Mixed Platforms.Build.0 = Release|Any CPU
		{9E8D86B6-2326-43B6-B029-240D0A9139B8}.Release|x64.ActiveCfg = Release|Any CPU
		{9E8D86B6-2326-43B6-B029-240D0A9139B8}.Release|x64.Build.0 = Release|Any CPU
		{9E8D86B6-2326-43B6-B029-240D0A9139B8}.Release|x86.ActiveCfg = Release|Any CPU
		{2037CEFB-8E7A-4D35-8E86-E071104EC6D7}.Debug|Any CPU.ActiveCfg = Debug|Any CPU
		{2037CEFB-8E7A-4D35-8E86-E071104EC6D7}.Debug|Any CPU.Build.0 = Debug|Any CPU
		{2037CEFB-8E7A-4D35-8E86-E071104EC6D7}.Debug|Mixed Platforms.ActiveCfg = Debug|Any CPU
		{2037CEFB-8E7A-4D35-8E86-E071104EC6D7}.Debug|Mixed Platforms.Build.0 = Debug|Any CPU
		{2037CEFB-8E7A-4D35-8E86-E071104EC6D7}.Debug|x64.ActiveCfg = Debug|Any CPU
		{2037CEFB-8E7A-4D35-8E86-E071104EC6D7}.Debug|x64.Build.0 = Debug|Any CPU
		{2037CEFB-8E7A-4D35-8E86-E071104EC6D7}.Debug|x86.ActiveCfg = Debug|Any CPU
		{2037CEFB-8E7A-4D35-8E86-E071104EC6D7}.Release|Any CPU.ActiveCfg = Release|Any CPU
		{2037CEFB-8E7A-4D35-8E86-E071104EC6D7}.Release|Any CPU.Build.0 = Release|Any CPU
		{2037CEFB-8E7A-4D35-8E86-E071104EC6D7}.Release|Mixed Platforms.ActiveCfg = Release|Any CPU
		{2037CEFB-8E7A-4D35-8E86-E071104EC6D7}.Release|Mixed Platforms.Build.0 = Release|Any CPU
		{2037CEFB-8E7A-4D35-8E86-E071104EC6D7}.Release|x64.ActiveCfg = Release|Any CPU
		{2037CEFB-8E7A-4D35-8E86-E071104EC6D7}.Release|x64.Build.0 = Release|Any CPU
		{2037CEFB-8E7A-4D35-8E86-E071104EC6D7}.Release|x86.ActiveCfg = Release|Any CPU
		{200904B4-8BCC-4895-9647-64122B668FDE}.Debug|Any CPU.ActiveCfg = Debug|Any CPU
		{200904B4-8BCC-4895-9647-64122B668FDE}.Debug|Any CPU.Build.0 = Debug|Any CPU
		{200904B4-8BCC-4895-9647-64122B668FDE}.Debug|Mixed Platforms.ActiveCfg = Debug|Any CPU
		{200904B4-8BCC-4895-9647-64122B668FDE}.Debug|Mixed Platforms.Build.0 = Debug|Any CPU
		{200904B4-8BCC-4895-9647-64122B668FDE}.Debug|x64.ActiveCfg = Debug|Any CPU
		{200904B4-8BCC-4895-9647-64122B668FDE}.Debug|x64.Build.0 = Debug|Any CPU
		{200904B4-8BCC-4895-9647-64122B668FDE}.Debug|x86.ActiveCfg = Debug|Any CPU
		{200904B4-8BCC-4895-9647-64122B668FDE}.Release|Any CPU.ActiveCfg = Release|Any CPU
		{200904B4-8BCC-4895-9647-64122B668FDE}.Release|Any CPU.Build.0 = Release|Any CPU
		{200904B4-8BCC-4895-9647-64122B668FDE}.Release|Mixed Platforms.ActiveCfg = Release|Any CPU
		{200904B4-8BCC-4895-9647-64122B668FDE}.Release|Mixed Platforms.Build.0 = Release|Any CPU
		{200904B4-8BCC-4895-9647-64122B668FDE}.Release|x64.ActiveCfg = Release|Any CPU
		{200904B4-8BCC-4895-9647-64122B668FDE}.Release|x64.Build.0 = Release|Any CPU
		{200904B4-8BCC-4895-9647-64122B668FDE}.Release|x86.ActiveCfg = Release|Any CPU
		{94DAF9D6-E416-4964-B1C8-7A80B259BAA9}.Debug|Any CPU.ActiveCfg = Debug|Any CPU
		{94DAF9D6-E416-4964-B1C8-7A80B259BAA9}.Debug|Any CPU.Build.0 = Debug|Any CPU
		{94DAF9D6-E416-4964-B1C8-7A80B259BAA9}.Debug|Mixed Platforms.ActiveCfg = Debug|Any CPU
		{94DAF9D6-E416-4964-B1C8-7A80B259BAA9}.Debug|Mixed Platforms.Build.0 = Debug|Any CPU
		{94DAF9D6-E416-4964-B1C8-7A80B259BAA9}.Debug|x64.ActiveCfg = Debug|Any CPU
		{94DAF9D6-E416-4964-B1C8-7A80B259BAA9}.Debug|x64.Build.0 = Debug|Any CPU
		{94DAF9D6-E416-4964-B1C8-7A80B259BAA9}.Debug|x86.ActiveCfg = Debug|Any CPU
		{94DAF9D6-E416-4964-B1C8-7A80B259BAA9}.Release|Any CPU.ActiveCfg = Release|Any CPU
		{94DAF9D6-E416-4964-B1C8-7A80B259BAA9}.Release|Any CPU.Build.0 = Release|Any CPU
		{94DAF9D6-E416-4964-B1C8-7A80B259BAA9}.Release|Mixed Platforms.ActiveCfg = Release|Any CPU
		{94DAF9D6-E416-4964-B1C8-7A80B259BAA9}.Release|Mixed Platforms.Build.0 = Release|Any CPU
		{94DAF9D6-E416-4964-B1C8-7A80B259BAA9}.Release|x64.ActiveCfg = Release|Any CPU
		{94DAF9D6-E416-4964-B1C8-7A80B259BAA9}.Release|x64.Build.0 = Release|Any CPU
		{94DAF9D6-E416-4964-B1C8-7A80B259BAA9}.Release|x86.ActiveCfg = Release|Any CPU
		{7060CB48-A41B-4AF4-AFF3-B54CD57B7101}.Debug|Any CPU.ActiveCfg = Debug|Any CPU
		{7060CB48-A41B-4AF4-AFF3-B54CD57B7101}.Debug|Any CPU.Build.0 = Debug|Any CPU
		{7060CB48-A41B-4AF4-AFF3-B54CD57B7101}.Debug|Mixed Platforms.ActiveCfg = Debug|Any CPU
		{7060CB48-A41B-4AF4-AFF3-B54CD57B7101}.Debug|Mixed Platforms.Build.0 = Debug|Any CPU
		{7060CB48-A41B-4AF4-AFF3-B54CD57B7101}.Debug|x64.ActiveCfg = Debug|Any CPU
		{7060CB48-A41B-4AF4-AFF3-B54CD57B7101}.Debug|x64.Build.0 = Debug|Any CPU
		{7060CB48-A41B-4AF4-AFF3-B54CD57B7101}.Debug|x86.ActiveCfg = Debug|Any CPU
		{7060CB48-A41B-4AF4-AFF3-B54CD57B7101}.Release|Any CPU.ActiveCfg = Release|Any CPU
		{7060CB48-A41B-4AF4-AFF3-B54CD57B7101}.Release|Any CPU.Build.0 = Release|Any CPU
		{7060CB48-A41B-4AF4-AFF3-B54CD57B7101}.Release|Mixed Platforms.ActiveCfg = Release|Any CPU
		{7060CB48-A41B-4AF4-AFF3-B54CD57B7101}.Release|Mixed Platforms.Build.0 = Release|Any CPU
		{7060CB48-A41B-4AF4-AFF3-B54CD57B7101}.Release|x64.ActiveCfg = Release|Any CPU
		{7060CB48-A41B-4AF4-AFF3-B54CD57B7101}.Release|x64.Build.0 = Release|Any CPU
		{7060CB48-A41B-4AF4-AFF3-B54CD57B7101}.Release|x86.ActiveCfg = Release|Any CPU
		{2A5B4F56-580F-418C-AB3B-545D7A7E81CB}.Debug|Any CPU.ActiveCfg = Debug|Any CPU
		{2A5B4F56-580F-418C-AB3B-545D7A7E81CB}.Debug|Any CPU.Build.0 = Debug|Any CPU
		{2A5B4F56-580F-418C-AB3B-545D7A7E81CB}.Debug|Mixed Platforms.ActiveCfg = Debug|Any CPU
		{2A5B4F56-580F-418C-AB3B-545D7A7E81CB}.Debug|Mixed Platforms.Build.0 = Debug|Any CPU
		{2A5B4F56-580F-418C-AB3B-545D7A7E81CB}.Debug|x64.ActiveCfg = Debug|Any CPU
		{2A5B4F56-580F-418C-AB3B-545D7A7E81CB}.Debug|x64.Build.0 = Debug|Any CPU
		{2A5B4F56-580F-418C-AB3B-545D7A7E81CB}.Debug|x86.ActiveCfg = Debug|Any CPU
		{2A5B4F56-580F-418C-AB3B-545D7A7E81CB}.Release|Any CPU.ActiveCfg = Release|Any CPU
		{2A5B4F56-580F-418C-AB3B-545D7A7E81CB}.Release|Any CPU.Build.0 = Release|Any CPU
		{2A5B4F56-580F-418C-AB3B-545D7A7E81CB}.Release|Mixed Platforms.ActiveCfg = Release|Any CPU
		{2A5B4F56-580F-418C-AB3B-545D7A7E81CB}.Release|Mixed Platforms.Build.0 = Release|Any CPU
		{2A5B4F56-580F-418C-AB3B-545D7A7E81CB}.Release|x64.ActiveCfg = Release|Any CPU
		{2A5B4F56-580F-418C-AB3B-545D7A7E81CB}.Release|x64.Build.0 = Release|Any CPU
		{2A5B4F56-580F-418C-AB3B-545D7A7E81CB}.Release|x86.ActiveCfg = Release|Any CPU
		{9DFDA7D6-4482-4E9A-8AF3-FB4DD96F79FF}.Debug|Any CPU.ActiveCfg = Debug|Any CPU
		{9DFDA7D6-4482-4E9A-8AF3-FB4DD96F79FF}.Debug|Any CPU.Build.0 = Debug|Any CPU
		{9DFDA7D6-4482-4E9A-8AF3-FB4DD96F79FF}.Debug|Mixed Platforms.ActiveCfg = Debug|Any CPU
		{9DFDA7D6-4482-4E9A-8AF3-FB4DD96F79FF}.Debug|Mixed Platforms.Build.0 = Debug|Any CPU
		{9DFDA7D6-4482-4E9A-8AF3-FB4DD96F79FF}.Debug|x64.ActiveCfg = Debug|Any CPU
		{9DFDA7D6-4482-4E9A-8AF3-FB4DD96F79FF}.Debug|x64.Build.0 = Debug|Any CPU
		{9DFDA7D6-4482-4E9A-8AF3-FB4DD96F79FF}.Debug|x86.ActiveCfg = Debug|Any CPU
		{9DFDA7D6-4482-4E9A-8AF3-FB4DD96F79FF}.Release|Any CPU.ActiveCfg = Release|Any CPU
		{9DFDA7D6-4482-4E9A-8AF3-FB4DD96F79FF}.Release|Any CPU.Build.0 = Release|Any CPU
		{9DFDA7D6-4482-4E9A-8AF3-FB4DD96F79FF}.Release|Mixed Platforms.ActiveCfg = Release|Any CPU
		{9DFDA7D6-4482-4E9A-8AF3-FB4DD96F79FF}.Release|Mixed Platforms.Build.0 = Release|Any CPU
		{9DFDA7D6-4482-4E9A-8AF3-FB4DD96F79FF}.Release|x64.ActiveCfg = Release|Any CPU
		{9DFDA7D6-4482-4E9A-8AF3-FB4DD96F79FF}.Release|x64.Build.0 = Release|Any CPU
		{9DFDA7D6-4482-4E9A-8AF3-FB4DD96F79FF}.Release|x86.ActiveCfg = Release|Any CPU
		{EF2029DA-FCD8-433D-8E19-E9E41D31ED1A}.Debug|Any CPU.ActiveCfg = Debug|Any CPU
		{EF2029DA-FCD8-433D-8E19-E9E41D31ED1A}.Debug|Any CPU.Build.0 = Debug|Any CPU
		{EF2029DA-FCD8-433D-8E19-E9E41D31ED1A}.Debug|Mixed Platforms.ActiveCfg = Debug|Any CPU
		{EF2029DA-FCD8-433D-8E19-E9E41D31ED1A}.Debug|Mixed Platforms.Build.0 = Debug|Any CPU
		{EF2029DA-FCD8-433D-8E19-E9E41D31ED1A}.Debug|x64.ActiveCfg = Debug|Any CPU
		{EF2029DA-FCD8-433D-8E19-E9E41D31ED1A}.Debug|x64.Build.0 = Debug|Any CPU
		{EF2029DA-FCD8-433D-8E19-E9E41D31ED1A}.Debug|x86.ActiveCfg = Debug|Any CPU
		{EF2029DA-FCD8-433D-8E19-E9E41D31ED1A}.Release|Any CPU.ActiveCfg = Release|Any CPU
		{EF2029DA-FCD8-433D-8E19-E9E41D31ED1A}.Release|Any CPU.Build.0 = Release|Any CPU
		{EF2029DA-FCD8-433D-8E19-E9E41D31ED1A}.Release|Mixed Platforms.ActiveCfg = Release|Any CPU
		{EF2029DA-FCD8-433D-8E19-E9E41D31ED1A}.Release|Mixed Platforms.Build.0 = Release|Any CPU
		{EF2029DA-FCD8-433D-8E19-E9E41D31ED1A}.Release|x64.ActiveCfg = Release|Any CPU
		{EF2029DA-FCD8-433D-8E19-E9E41D31ED1A}.Release|x64.Build.0 = Release|Any CPU
		{EF2029DA-FCD8-433D-8E19-E9E41D31ED1A}.Release|x86.ActiveCfg = Release|Any CPU
		{4A95C8BA-E941-49D5-8BB1-37D94C7EFD80}.Debug|Any CPU.ActiveCfg = Debug|Any CPU
		{4A95C8BA-E941-49D5-8BB1-37D94C7EFD80}.Debug|Any CPU.Build.0 = Debug|Any CPU
		{4A95C8BA-E941-49D5-8BB1-37D94C7EFD80}.Debug|Mixed Platforms.ActiveCfg = Debug|Any CPU
		{4A95C8BA-E941-49D5-8BB1-37D94C7EFD80}.Debug|Mixed Platforms.Build.0 = Debug|Any CPU
		{4A95C8BA-E941-49D5-8BB1-37D94C7EFD80}.Debug|x64.ActiveCfg = Debug|Any CPU
		{4A95C8BA-E941-49D5-8BB1-37D94C7EFD80}.Debug|x64.Build.0 = Debug|Any CPU
		{4A95C8BA-E941-49D5-8BB1-37D94C7EFD80}.Debug|x86.ActiveCfg = Debug|Any CPU
		{4A95C8BA-E941-49D5-8BB1-37D94C7EFD80}.Release|Any CPU.ActiveCfg = Release|Any CPU
		{4A95C8BA-E941-49D5-8BB1-37D94C7EFD80}.Release|Any CPU.Build.0 = Release|Any CPU
		{4A95C8BA-E941-49D5-8BB1-37D94C7EFD80}.Release|Mixed Platforms.ActiveCfg = Release|Any CPU
		{4A95C8BA-E941-49D5-8BB1-37D94C7EFD80}.Release|Mixed Platforms.Build.0 = Release|Any CPU
		{4A95C8BA-E941-49D5-8BB1-37D94C7EFD80}.Release|x64.ActiveCfg = Release|Any CPU
		{4A95C8BA-E941-49D5-8BB1-37D94C7EFD80}.Release|x64.Build.0 = Release|Any CPU
		{4A95C8BA-E941-49D5-8BB1-37D94C7EFD80}.Release|x86.ActiveCfg = Release|Any CPU
		{97EB866F-64C2-4DF0-B191-A36C975CA012}.Debug|Any CPU.ActiveCfg = Debug|Any CPU
		{97EB866F-64C2-4DF0-B191-A36C975CA012}.Debug|Any CPU.Build.0 = Debug|Any CPU
		{97EB866F-64C2-4DF0-B191-A36C975CA012}.Debug|Mixed Platforms.ActiveCfg = Debug|Any CPU
		{97EB866F-64C2-4DF0-B191-A36C975CA012}.Debug|Mixed Platforms.Build.0 = Debug|Any CPU
		{97EB866F-64C2-4DF0-B191-A36C975CA012}.Debug|x64.ActiveCfg = Debug|Any CPU
		{97EB866F-64C2-4DF0-B191-A36C975CA012}.Debug|x64.Build.0 = Debug|Any CPU
		{97EB866F-64C2-4DF0-B191-A36C975CA012}.Debug|x86.ActiveCfg = Debug|Any CPU
		{97EB866F-64C2-4DF0-B191-A36C975CA012}.Release|Any CPU.ActiveCfg = Release|Any CPU
		{97EB866F-64C2-4DF0-B191-A36C975CA012}.Release|Any CPU.Build.0 = Release|Any CPU
		{97EB866F-64C2-4DF0-B191-A36C975CA012}.Release|Mixed Platforms.ActiveCfg = Release|Any CPU
		{97EB866F-64C2-4DF0-B191-A36C975CA012}.Release|Mixed Platforms.Build.0 = Release|Any CPU
		{97EB866F-64C2-4DF0-B191-A36C975CA012}.Release|x64.ActiveCfg = Release|Any CPU
		{97EB866F-64C2-4DF0-B191-A36C975CA012}.Release|x64.Build.0 = Release|Any CPU
		{97EB866F-64C2-4DF0-B191-A36C975CA012}.Release|x86.ActiveCfg = Release|Any CPU
		{61FDFE91-0853-47E7-9F76-DF885C28CEF0}.Debug|Any CPU.ActiveCfg = Debug|Any CPU
		{61FDFE91-0853-47E7-9F76-DF885C28CEF0}.Debug|Any CPU.Build.0 = Debug|Any CPU
		{61FDFE91-0853-47E7-9F76-DF885C28CEF0}.Debug|Mixed Platforms.ActiveCfg = Debug|Any CPU
		{61FDFE91-0853-47E7-9F76-DF885C28CEF0}.Debug|Mixed Platforms.Build.0 = Debug|Any CPU
		{61FDFE91-0853-47E7-9F76-DF885C28CEF0}.Debug|x64.ActiveCfg = Debug|Any CPU
		{61FDFE91-0853-47E7-9F76-DF885C28CEF0}.Debug|x64.Build.0 = Debug|Any CPU
		{61FDFE91-0853-47E7-9F76-DF885C28CEF0}.Debug|x86.ActiveCfg = Debug|Any CPU
		{61FDFE91-0853-47E7-9F76-DF885C28CEF0}.Release|Any CPU.ActiveCfg = Release|Any CPU
		{61FDFE91-0853-47E7-9F76-DF885C28CEF0}.Release|Any CPU.Build.0 = Release|Any CPU
		{61FDFE91-0853-47E7-9F76-DF885C28CEF0}.Release|Mixed Platforms.ActiveCfg = Release|Any CPU
		{61FDFE91-0853-47E7-9F76-DF885C28CEF0}.Release|Mixed Platforms.Build.0 = Release|Any CPU
		{61FDFE91-0853-47E7-9F76-DF885C28CEF0}.Release|x64.ActiveCfg = Release|Any CPU
		{61FDFE91-0853-47E7-9F76-DF885C28CEF0}.Release|x64.Build.0 = Release|Any CPU
		{61FDFE91-0853-47E7-9F76-DF885C28CEF0}.Release|x86.ActiveCfg = Release|Any CPU
		{A2938D3C-DA44-4ABB-9F66-A4D502C803C7}.Debug|Any CPU.ActiveCfg = Debug|Any CPU
		{A2938D3C-DA44-4ABB-9F66-A4D502C803C7}.Debug|Any CPU.Build.0 = Debug|Any CPU
		{A2938D3C-DA44-4ABB-9F66-A4D502C803C7}.Debug|Mixed Platforms.ActiveCfg = Debug|Any CPU
		{A2938D3C-DA44-4ABB-9F66-A4D502C803C7}.Debug|Mixed Platforms.Build.0 = Debug|Any CPU
		{A2938D3C-DA44-4ABB-9F66-A4D502C803C7}.Debug|x64.ActiveCfg = Debug|Any CPU
		{A2938D3C-DA44-4ABB-9F66-A4D502C803C7}.Debug|x64.Build.0 = Debug|Any CPU
		{A2938D3C-DA44-4ABB-9F66-A4D502C803C7}.Debug|x86.ActiveCfg = Debug|Any CPU
		{A2938D3C-DA44-4ABB-9F66-A4D502C803C7}.Release|Any CPU.ActiveCfg = Release|Any CPU
		{A2938D3C-DA44-4ABB-9F66-A4D502C803C7}.Release|Any CPU.Build.0 = Release|Any CPU
		{A2938D3C-DA44-4ABB-9F66-A4D502C803C7}.Release|Mixed Platforms.ActiveCfg = Release|Any CPU
		{A2938D3C-DA44-4ABB-9F66-A4D502C803C7}.Release|Mixed Platforms.Build.0 = Release|Any CPU
		{A2938D3C-DA44-4ABB-9F66-A4D502C803C7}.Release|x64.ActiveCfg = Release|Any CPU
		{A2938D3C-DA44-4ABB-9F66-A4D502C803C7}.Release|x64.Build.0 = Release|Any CPU
		{A2938D3C-DA44-4ABB-9F66-A4D502C803C7}.Release|x86.ActiveCfg = Release|Any CPU
		{214AA3C8-CF4D-4A80-B67B-29E9E1558980}.Debug|Any CPU.ActiveCfg = Debug|Any CPU
		{214AA3C8-CF4D-4A80-B67B-29E9E1558980}.Debug|Any CPU.Build.0 = Debug|Any CPU
		{214AA3C8-CF4D-4A80-B67B-29E9E1558980}.Debug|Mixed Platforms.ActiveCfg = Debug|Any CPU
		{214AA3C8-CF4D-4A80-B67B-29E9E1558980}.Debug|Mixed Platforms.Build.0 = Debug|Any CPU
		{214AA3C8-CF4D-4A80-B67B-29E9E1558980}.Debug|x64.ActiveCfg = Debug|Any CPU
		{214AA3C8-CF4D-4A80-B67B-29E9E1558980}.Debug|x64.Build.0 = Debug|Any CPU
		{214AA3C8-CF4D-4A80-B67B-29E9E1558980}.Debug|x86.ActiveCfg = Debug|Any CPU
		{214AA3C8-CF4D-4A80-B67B-29E9E1558980}.Release|Any CPU.ActiveCfg = Release|Any CPU
		{214AA3C8-CF4D-4A80-B67B-29E9E1558980}.Release|Any CPU.Build.0 = Release|Any CPU
		{214AA3C8-CF4D-4A80-B67B-29E9E1558980}.Release|Mixed Platforms.ActiveCfg = Release|Any CPU
		{214AA3C8-CF4D-4A80-B67B-29E9E1558980}.Release|Mixed Platforms.Build.0 = Release|Any CPU
		{214AA3C8-CF4D-4A80-B67B-29E9E1558980}.Release|x64.ActiveCfg = Release|Any CPU
		{214AA3C8-CF4D-4A80-B67B-29E9E1558980}.Release|x64.Build.0 = Release|Any CPU
		{214AA3C8-CF4D-4A80-B67B-29E9E1558980}.Release|x86.ActiveCfg = Release|Any CPU
		{45061928-C88A-401B-B81C-4CC79DD70C4C}.Debug|Any CPU.ActiveCfg = Debug|Any CPU
		{45061928-C88A-401B-B81C-4CC79DD70C4C}.Debug|Any CPU.Build.0 = Debug|Any CPU
		{45061928-C88A-401B-B81C-4CC79DD70C4C}.Debug|Mixed Platforms.ActiveCfg = Debug|Any CPU
		{45061928-C88A-401B-B81C-4CC79DD70C4C}.Debug|Mixed Platforms.Build.0 = Debug|Any CPU
		{45061928-C88A-401B-B81C-4CC79DD70C4C}.Debug|x64.ActiveCfg = Debug|Any CPU
		{45061928-C88A-401B-B81C-4CC79DD70C4C}.Debug|x64.Build.0 = Debug|Any CPU
		{45061928-C88A-401B-B81C-4CC79DD70C4C}.Debug|x86.ActiveCfg = Debug|Any CPU
		{45061928-C88A-401B-B81C-4CC79DD70C4C}.Release|Any CPU.ActiveCfg = Release|Any CPU
		{45061928-C88A-401B-B81C-4CC79DD70C4C}.Release|Any CPU.Build.0 = Release|Any CPU
		{45061928-C88A-401B-B81C-4CC79DD70C4C}.Release|Mixed Platforms.ActiveCfg = Release|Any CPU
		{45061928-C88A-401B-B81C-4CC79DD70C4C}.Release|Mixed Platforms.Build.0 = Release|Any CPU
		{45061928-C88A-401B-B81C-4CC79DD70C4C}.Release|x64.ActiveCfg = Release|Any CPU
		{45061928-C88A-401B-B81C-4CC79DD70C4C}.Release|x64.Build.0 = Release|Any CPU
		{45061928-C88A-401B-B81C-4CC79DD70C4C}.Release|x86.ActiveCfg = Release|Any CPU
		{98A73AC3-620F-4520-89EA-B97A75573A3C}.Debug|Any CPU.ActiveCfg = Debug|Any CPU
		{98A73AC3-620F-4520-89EA-B97A75573A3C}.Debug|Any CPU.Build.0 = Debug|Any CPU
		{98A73AC3-620F-4520-89EA-B97A75573A3C}.Debug|Mixed Platforms.ActiveCfg = Debug|Any CPU
		{98A73AC3-620F-4520-89EA-B97A75573A3C}.Debug|Mixed Platforms.Build.0 = Debug|Any CPU
		{98A73AC3-620F-4520-89EA-B97A75573A3C}.Debug|x64.ActiveCfg = Debug|Any CPU
		{98A73AC3-620F-4520-89EA-B97A75573A3C}.Debug|x64.Build.0 = Debug|Any CPU
		{98A73AC3-620F-4520-89EA-B97A75573A3C}.Debug|x86.ActiveCfg = Debug|Any CPU
		{98A73AC3-620F-4520-89EA-B97A75573A3C}.Release|Any CPU.ActiveCfg = Release|Any CPU
		{98A73AC3-620F-4520-89EA-B97A75573A3C}.Release|Any CPU.Build.0 = Release|Any CPU
		{98A73AC3-620F-4520-89EA-B97A75573A3C}.Release|Mixed Platforms.ActiveCfg = Release|Any CPU
		{98A73AC3-620F-4520-89EA-B97A75573A3C}.Release|Mixed Platforms.Build.0 = Release|Any CPU
		{98A73AC3-620F-4520-89EA-B97A75573A3C}.Release|x64.ActiveCfg = Release|Any CPU
		{98A73AC3-620F-4520-89EA-B97A75573A3C}.Release|x64.Build.0 = Release|Any CPU
		{98A73AC3-620F-4520-89EA-B97A75573A3C}.Release|x86.ActiveCfg = Release|Any CPU
		{F0CD076A-2CD3-4F2B-9885-5ADFD90504B5}.Debug|Any CPU.ActiveCfg = Debug|Any CPU
		{F0CD076A-2CD3-4F2B-9885-5ADFD90504B5}.Debug|Any CPU.Build.0 = Debug|Any CPU
		{F0CD076A-2CD3-4F2B-9885-5ADFD90504B5}.Debug|Mixed Platforms.ActiveCfg = Debug|Any CPU
		{F0CD076A-2CD3-4F2B-9885-5ADFD90504B5}.Debug|Mixed Platforms.Build.0 = Debug|Any CPU
		{F0CD076A-2CD3-4F2B-9885-5ADFD90504B5}.Debug|x64.ActiveCfg = Debug|Any CPU
		{F0CD076A-2CD3-4F2B-9885-5ADFD90504B5}.Debug|x64.Build.0 = Debug|Any CPU
		{F0CD076A-2CD3-4F2B-9885-5ADFD90504B5}.Debug|x86.ActiveCfg = Debug|Any CPU
		{F0CD076A-2CD3-4F2B-9885-5ADFD90504B5}.Debug|x86.Build.0 = Debug|Any CPU
		{F0CD076A-2CD3-4F2B-9885-5ADFD90504B5}.Release|Any CPU.ActiveCfg = Release|Any CPU
		{F0CD076A-2CD3-4F2B-9885-5ADFD90504B5}.Release|Any CPU.Build.0 = Release|Any CPU
		{F0CD076A-2CD3-4F2B-9885-5ADFD90504B5}.Release|Mixed Platforms.ActiveCfg = Release|Any CPU
		{F0CD076A-2CD3-4F2B-9885-5ADFD90504B5}.Release|Mixed Platforms.Build.0 = Release|Any CPU
		{F0CD076A-2CD3-4F2B-9885-5ADFD90504B5}.Release|x64.ActiveCfg = Release|Any CPU
		{F0CD076A-2CD3-4F2B-9885-5ADFD90504B5}.Release|x64.Build.0 = Release|Any CPU
		{F0CD076A-2CD3-4F2B-9885-5ADFD90504B5}.Release|x86.ActiveCfg = Release|Any CPU
		{F0CD076A-2CD3-4F2B-9885-5ADFD90504B5}.Release|x86.Build.0 = Release|Any CPU
		{CF472BF4-2AE8-44C7-8B29-68824FF2E0AD}.Debug|Any CPU.ActiveCfg = Debug|Any CPU
		{CF472BF4-2AE8-44C7-8B29-68824FF2E0AD}.Debug|Any CPU.Build.0 = Debug|Any CPU
		{CF472BF4-2AE8-44C7-8B29-68824FF2E0AD}.Debug|Mixed Platforms.ActiveCfg = Debug|Any CPU
		{CF472BF4-2AE8-44C7-8B29-68824FF2E0AD}.Debug|Mixed Platforms.Build.0 = Debug|Any CPU
		{CF472BF4-2AE8-44C7-8B29-68824FF2E0AD}.Debug|x64.ActiveCfg = Debug|Any CPU
		{CF472BF4-2AE8-44C7-8B29-68824FF2E0AD}.Debug|x64.Build.0 = Debug|Any CPU
		{CF472BF4-2AE8-44C7-8B29-68824FF2E0AD}.Debug|x86.ActiveCfg = Debug|Any CPU
		{CF472BF4-2AE8-44C7-8B29-68824FF2E0AD}.Debug|x86.Build.0 = Debug|Any CPU
		{CF472BF4-2AE8-44C7-8B29-68824FF2E0AD}.Release|Any CPU.ActiveCfg = Release|Any CPU
		{CF472BF4-2AE8-44C7-8B29-68824FF2E0AD}.Release|Any CPU.Build.0 = Release|Any CPU
		{CF472BF4-2AE8-44C7-8B29-68824FF2E0AD}.Release|Mixed Platforms.ActiveCfg = Release|Any CPU
		{CF472BF4-2AE8-44C7-8B29-68824FF2E0AD}.Release|Mixed Platforms.Build.0 = Release|Any CPU
		{CF472BF4-2AE8-44C7-8B29-68824FF2E0AD}.Release|x64.ActiveCfg = Release|Any CPU
		{CF472BF4-2AE8-44C7-8B29-68824FF2E0AD}.Release|x64.Build.0 = Release|Any CPU
		{CF472BF4-2AE8-44C7-8B29-68824FF2E0AD}.Release|x86.ActiveCfg = Release|Any CPU
		{CF472BF4-2AE8-44C7-8B29-68824FF2E0AD}.Release|x86.Build.0 = Release|Any CPU
		{8307ED55-63C9-4CE4-AC89-85C03508297E}.Debug|Any CPU.ActiveCfg = Debug|Any CPU
		{8307ED55-63C9-4CE4-AC89-85C03508297E}.Debug|Any CPU.Build.0 = Debug|Any CPU
		{8307ED55-63C9-4CE4-AC89-85C03508297E}.Debug|Mixed Platforms.ActiveCfg = Debug|Any CPU
		{8307ED55-63C9-4CE4-AC89-85C03508297E}.Debug|Mixed Platforms.Build.0 = Debug|Any CPU
		{8307ED55-63C9-4CE4-AC89-85C03508297E}.Debug|x64.ActiveCfg = Debug|Any CPU
		{8307ED55-63C9-4CE4-AC89-85C03508297E}.Debug|x64.Build.0 = Debug|Any CPU
		{8307ED55-63C9-4CE4-AC89-85C03508297E}.Debug|x86.ActiveCfg = Debug|Any CPU
		{8307ED55-63C9-4CE4-AC89-85C03508297E}.Debug|x86.Build.0 = Debug|Any CPU
		{8307ED55-63C9-4CE4-AC89-85C03508297E}.Release|Any CPU.ActiveCfg = Release|Any CPU
		{8307ED55-63C9-4CE4-AC89-85C03508297E}.Release|Any CPU.Build.0 = Release|Any CPU
		{8307ED55-63C9-4CE4-AC89-85C03508297E}.Release|Mixed Platforms.ActiveCfg = Release|Any CPU
		{8307ED55-63C9-4CE4-AC89-85C03508297E}.Release|Mixed Platforms.Build.0 = Release|Any CPU
		{8307ED55-63C9-4CE4-AC89-85C03508297E}.Release|x64.ActiveCfg = Release|Any CPU
		{8307ED55-63C9-4CE4-AC89-85C03508297E}.Release|x64.Build.0 = Release|Any CPU
		{8307ED55-63C9-4CE4-AC89-85C03508297E}.Release|x86.ActiveCfg = Release|Any CPU
		{8307ED55-63C9-4CE4-AC89-85C03508297E}.Release|x86.Build.0 = Release|Any CPU
		{7C215115-CC74-4FF1-B144-465CB4695128}.Debug|Any CPU.ActiveCfg = Debug|Any CPU
		{7C215115-CC74-4FF1-B144-465CB4695128}.Debug|Any CPU.Build.0 = Debug|Any CPU
		{7C215115-CC74-4FF1-B144-465CB4695128}.Debug|Mixed Platforms.ActiveCfg = Debug|Any CPU
		{7C215115-CC74-4FF1-B144-465CB4695128}.Debug|Mixed Platforms.Build.0 = Debug|Any CPU
		{7C215115-CC74-4FF1-B144-465CB4695128}.Debug|x64.ActiveCfg = Debug|Any CPU
		{7C215115-CC74-4FF1-B144-465CB4695128}.Debug|x64.Build.0 = Debug|Any CPU
		{7C215115-CC74-4FF1-B144-465CB4695128}.Debug|x86.ActiveCfg = Debug|Any CPU
		{7C215115-CC74-4FF1-B144-465CB4695128}.Debug|x86.Build.0 = Debug|Any CPU
		{7C215115-CC74-4FF1-B144-465CB4695128}.Release|Any CPU.ActiveCfg = Release|Any CPU
		{7C215115-CC74-4FF1-B144-465CB4695128}.Release|Any CPU.Build.0 = Release|Any CPU
		{7C215115-CC74-4FF1-B144-465CB4695128}.Release|Mixed Platforms.ActiveCfg = Release|Any CPU
		{7C215115-CC74-4FF1-B144-465CB4695128}.Release|Mixed Platforms.Build.0 = Release|Any CPU
		{7C215115-CC74-4FF1-B144-465CB4695128}.Release|x64.ActiveCfg = Release|Any CPU
		{7C215115-CC74-4FF1-B144-465CB4695128}.Release|x64.Build.0 = Release|Any CPU
		{7C215115-CC74-4FF1-B144-465CB4695128}.Release|x86.ActiveCfg = Release|Any CPU
		{7C215115-CC74-4FF1-B144-465CB4695128}.Release|x86.Build.0 = Release|Any CPU
		{A2B7C3F0-CFEA-4B7D-B9A2-7FC672C84C11}.Debug|Any CPU.ActiveCfg = Debug|Any CPU
		{A2B7C3F0-CFEA-4B7D-B9A2-7FC672C84C11}.Debug|Any CPU.Build.0 = Debug|Any CPU
		{A2B7C3F0-CFEA-4B7D-B9A2-7FC672C84C11}.Debug|Mixed Platforms.ActiveCfg = Debug|Any CPU
		{A2B7C3F0-CFEA-4B7D-B9A2-7FC672C84C11}.Debug|Mixed Platforms.Build.0 = Debug|Any CPU
		{A2B7C3F0-CFEA-4B7D-B9A2-7FC672C84C11}.Debug|x64.ActiveCfg = Debug|Any CPU
		{A2B7C3F0-CFEA-4B7D-B9A2-7FC672C84C11}.Debug|x64.Build.0 = Debug|Any CPU
		{A2B7C3F0-CFEA-4B7D-B9A2-7FC672C84C11}.Debug|x86.ActiveCfg = Debug|Any CPU
		{A2B7C3F0-CFEA-4B7D-B9A2-7FC672C84C11}.Debug|x86.Build.0 = Debug|Any CPU
		{A2B7C3F0-CFEA-4B7D-B9A2-7FC672C84C11}.Release|Any CPU.ActiveCfg = Release|Any CPU
		{A2B7C3F0-CFEA-4B7D-B9A2-7FC672C84C11}.Release|Any CPU.Build.0 = Release|Any CPU
		{A2B7C3F0-CFEA-4B7D-B9A2-7FC672C84C11}.Release|Mixed Platforms.ActiveCfg = Release|Any CPU
		{A2B7C3F0-CFEA-4B7D-B9A2-7FC672C84C11}.Release|Mixed Platforms.Build.0 = Release|Any CPU
		{A2B7C3F0-CFEA-4B7D-B9A2-7FC672C84C11}.Release|x64.ActiveCfg = Release|Any CPU
		{A2B7C3F0-CFEA-4B7D-B9A2-7FC672C84C11}.Release|x64.Build.0 = Release|Any CPU
		{A2B7C3F0-CFEA-4B7D-B9A2-7FC672C84C11}.Release|x86.ActiveCfg = Release|Any CPU
		{A2B7C3F0-CFEA-4B7D-B9A2-7FC672C84C11}.Release|x86.Build.0 = Release|Any CPU
		{FC2045EA-B674-461F-8C6A-049731B3D7B5}.Debug|Any CPU.ActiveCfg = Debug|Any CPU
		{FC2045EA-B674-461F-8C6A-049731B3D7B5}.Debug|Any CPU.Build.0 = Debug|Any CPU
		{FC2045EA-B674-461F-8C6A-049731B3D7B5}.Debug|Mixed Platforms.ActiveCfg = Debug|Any CPU
		{FC2045EA-B674-461F-8C6A-049731B3D7B5}.Debug|Mixed Platforms.Build.0 = Debug|Any CPU
		{FC2045EA-B674-461F-8C6A-049731B3D7B5}.Debug|x64.ActiveCfg = Debug|Any CPU
		{FC2045EA-B674-461F-8C6A-049731B3D7B5}.Debug|x64.Build.0 = Debug|Any CPU
		{FC2045EA-B674-461F-8C6A-049731B3D7B5}.Debug|x86.ActiveCfg = Debug|Any CPU
		{FC2045EA-B674-461F-8C6A-049731B3D7B5}.Debug|x86.Build.0 = Debug|Any CPU
		{FC2045EA-B674-461F-8C6A-049731B3D7B5}.Release|Any CPU.ActiveCfg = Release|Any CPU
		{FC2045EA-B674-461F-8C6A-049731B3D7B5}.Release|Any CPU.Build.0 = Release|Any CPU
		{FC2045EA-B674-461F-8C6A-049731B3D7B5}.Release|Mixed Platforms.ActiveCfg = Release|Any CPU
		{FC2045EA-B674-461F-8C6A-049731B3D7B5}.Release|Mixed Platforms.Build.0 = Release|Any CPU
		{FC2045EA-B674-461F-8C6A-049731B3D7B5}.Release|x64.ActiveCfg = Release|Any CPU
		{FC2045EA-B674-461F-8C6A-049731B3D7B5}.Release|x64.Build.0 = Release|Any CPU
		{FC2045EA-B674-461F-8C6A-049731B3D7B5}.Release|x86.ActiveCfg = Release|Any CPU
		{FC2045EA-B674-461F-8C6A-049731B3D7B5}.Release|x86.Build.0 = Release|Any CPU
		{4C5CD6DB-C8B3-4EBC-BF84-C18D3BB397B6}.Debug|Any CPU.ActiveCfg = Debug|Any CPU
		{4C5CD6DB-C8B3-4EBC-BF84-C18D3BB397B6}.Debug|Any CPU.Build.0 = Debug|Any CPU
		{4C5CD6DB-C8B3-4EBC-BF84-C18D3BB397B6}.Debug|Mixed Platforms.ActiveCfg = Debug|Any CPU
		{4C5CD6DB-C8B3-4EBC-BF84-C18D3BB397B6}.Debug|Mixed Platforms.Build.0 = Debug|Any CPU
		{4C5CD6DB-C8B3-4EBC-BF84-C18D3BB397B6}.Debug|x64.ActiveCfg = Debug|Any CPU
		{4C5CD6DB-C8B3-4EBC-BF84-C18D3BB397B6}.Debug|x64.Build.0 = Debug|Any CPU
		{4C5CD6DB-C8B3-4EBC-BF84-C18D3BB397B6}.Debug|x86.ActiveCfg = Debug|Any CPU
		{4C5CD6DB-C8B3-4EBC-BF84-C18D3BB397B6}.Debug|x86.Build.0 = Debug|Any CPU
		{4C5CD6DB-C8B3-4EBC-BF84-C18D3BB397B6}.Release|Any CPU.ActiveCfg = Release|Any CPU
		{4C5CD6DB-C8B3-4EBC-BF84-C18D3BB397B6}.Release|Any CPU.Build.0 = Release|Any CPU
		{4C5CD6DB-C8B3-4EBC-BF84-C18D3BB397B6}.Release|Mixed Platforms.ActiveCfg = Release|Any CPU
		{4C5CD6DB-C8B3-4EBC-BF84-C18D3BB397B6}.Release|Mixed Platforms.Build.0 = Release|Any CPU
		{4C5CD6DB-C8B3-4EBC-BF84-C18D3BB397B6}.Release|x64.ActiveCfg = Release|Any CPU
		{4C5CD6DB-C8B3-4EBC-BF84-C18D3BB397B6}.Release|x64.Build.0 = Release|Any CPU
		{4C5CD6DB-C8B3-4EBC-BF84-C18D3BB397B6}.Release|x86.ActiveCfg = Release|Any CPU
		{4C5CD6DB-C8B3-4EBC-BF84-C18D3BB397B6}.Release|x86.Build.0 = Release|Any CPU
		{5BC1031E-167D-4580-987A-9526B0313B2F}.Debug|Any CPU.ActiveCfg = Debug|Any CPU
		{5BC1031E-167D-4580-987A-9526B0313B2F}.Debug|Any CPU.Build.0 = Debug|Any CPU
		{5BC1031E-167D-4580-987A-9526B0313B2F}.Debug|Mixed Platforms.ActiveCfg = Debug|Any CPU
		{5BC1031E-167D-4580-987A-9526B0313B2F}.Debug|Mixed Platforms.Build.0 = Debug|Any CPU
		{5BC1031E-167D-4580-987A-9526B0313B2F}.Debug|x64.ActiveCfg = Debug|Any CPU
		{5BC1031E-167D-4580-987A-9526B0313B2F}.Debug|x64.Build.0 = Debug|Any CPU
		{5BC1031E-167D-4580-987A-9526B0313B2F}.Debug|x86.ActiveCfg = Debug|Any CPU
		{5BC1031E-167D-4580-987A-9526B0313B2F}.Debug|x86.Build.0 = Debug|Any CPU
		{5BC1031E-167D-4580-987A-9526B0313B2F}.Release|Any CPU.ActiveCfg = Release|Any CPU
		{5BC1031E-167D-4580-987A-9526B0313B2F}.Release|Any CPU.Build.0 = Release|Any CPU
		{5BC1031E-167D-4580-987A-9526B0313B2F}.Release|Mixed Platforms.ActiveCfg = Release|Any CPU
		{5BC1031E-167D-4580-987A-9526B0313B2F}.Release|Mixed Platforms.Build.0 = Release|Any CPU
		{5BC1031E-167D-4580-987A-9526B0313B2F}.Release|x64.ActiveCfg = Release|Any CPU
		{5BC1031E-167D-4580-987A-9526B0313B2F}.Release|x64.Build.0 = Release|Any CPU
		{5BC1031E-167D-4580-987A-9526B0313B2F}.Release|x86.ActiveCfg = Release|Any CPU
		{5BC1031E-167D-4580-987A-9526B0313B2F}.Release|x86.Build.0 = Release|Any CPU
		{C71EFDA0-00C3-4721-BF51-299C53E14E87}.Debug|Any CPU.ActiveCfg = Debug|Any CPU
		{C71EFDA0-00C3-4721-BF51-299C53E14E87}.Debug|Any CPU.Build.0 = Debug|Any CPU
		{C71EFDA0-00C3-4721-BF51-299C53E14E87}.Debug|Mixed Platforms.ActiveCfg = Debug|Any CPU
		{C71EFDA0-00C3-4721-BF51-299C53E14E87}.Debug|Mixed Platforms.Build.0 = Debug|Any CPU
		{C71EFDA0-00C3-4721-BF51-299C53E14E87}.Debug|x64.ActiveCfg = Debug|Any CPU
		{C71EFDA0-00C3-4721-BF51-299C53E14E87}.Debug|x64.Build.0 = Debug|Any CPU
		{C71EFDA0-00C3-4721-BF51-299C53E14E87}.Debug|x86.ActiveCfg = Debug|Any CPU
		{C71EFDA0-00C3-4721-BF51-299C53E14E87}.Debug|x86.Build.0 = Debug|Any CPU
		{C71EFDA0-00C3-4721-BF51-299C53E14E87}.Release|Any CPU.ActiveCfg = Release|Any CPU
		{C71EFDA0-00C3-4721-BF51-299C53E14E87}.Release|Any CPU.Build.0 = Release|Any CPU
		{C71EFDA0-00C3-4721-BF51-299C53E14E87}.Release|Mixed Platforms.ActiveCfg = Release|Any CPU
		{C71EFDA0-00C3-4721-BF51-299C53E14E87}.Release|Mixed Platforms.Build.0 = Release|Any CPU
		{C71EFDA0-00C3-4721-BF51-299C53E14E87}.Release|x64.ActiveCfg = Release|Any CPU
		{C71EFDA0-00C3-4721-BF51-299C53E14E87}.Release|x64.Build.0 = Release|Any CPU
		{C71EFDA0-00C3-4721-BF51-299C53E14E87}.Release|x86.ActiveCfg = Release|Any CPU
		{C71EFDA0-00C3-4721-BF51-299C53E14E87}.Release|x86.Build.0 = Release|Any CPU
		{6751BECA-6925-461A-80CE-EAF429D1EC52}.Debug|Any CPU.ActiveCfg = Debug|Any CPU
		{6751BECA-6925-461A-80CE-EAF429D1EC52}.Debug|Any CPU.Build.0 = Debug|Any CPU
		{6751BECA-6925-461A-80CE-EAF429D1EC52}.Debug|Mixed Platforms.ActiveCfg = Debug|Any CPU
		{6751BECA-6925-461A-80CE-EAF429D1EC52}.Debug|Mixed Platforms.Build.0 = Debug|Any CPU
		{6751BECA-6925-461A-80CE-EAF429D1EC52}.Debug|x64.ActiveCfg = Debug|Any CPU
		{6751BECA-6925-461A-80CE-EAF429D1EC52}.Debug|x64.Build.0 = Debug|Any CPU
		{6751BECA-6925-461A-80CE-EAF429D1EC52}.Debug|x86.ActiveCfg = Debug|Any CPU
		{6751BECA-6925-461A-80CE-EAF429D1EC52}.Debug|x86.Build.0 = Debug|Any CPU
		{6751BECA-6925-461A-80CE-EAF429D1EC52}.Release|Any CPU.ActiveCfg = Release|Any CPU
		{6751BECA-6925-461A-80CE-EAF429D1EC52}.Release|Any CPU.Build.0 = Release|Any CPU
		{6751BECA-6925-461A-80CE-EAF429D1EC52}.Release|Mixed Platforms.ActiveCfg = Release|Any CPU
		{6751BECA-6925-461A-80CE-EAF429D1EC52}.Release|Mixed Platforms.Build.0 = Release|Any CPU
		{6751BECA-6925-461A-80CE-EAF429D1EC52}.Release|x64.ActiveCfg = Release|Any CPU
		{6751BECA-6925-461A-80CE-EAF429D1EC52}.Release|x64.Build.0 = Release|Any CPU
		{6751BECA-6925-461A-80CE-EAF429D1EC52}.Release|x86.ActiveCfg = Release|Any CPU
		{6751BECA-6925-461A-80CE-EAF429D1EC52}.Release|x86.Build.0 = Release|Any CPU
		{E5783E17-BE04-44FF-9333-31D0E70C0D32}.Debug|Any CPU.ActiveCfg = Debug|Any CPU
		{E5783E17-BE04-44FF-9333-31D0E70C0D32}.Debug|Any CPU.Build.0 = Debug|Any CPU
		{E5783E17-BE04-44FF-9333-31D0E70C0D32}.Debug|Mixed Platforms.ActiveCfg = Debug|Any CPU
		{E5783E17-BE04-44FF-9333-31D0E70C0D32}.Debug|Mixed Platforms.Build.0 = Debug|Any CPU
		{E5783E17-BE04-44FF-9333-31D0E70C0D32}.Debug|x64.ActiveCfg = Debug|Any CPU
		{E5783E17-BE04-44FF-9333-31D0E70C0D32}.Debug|x64.Build.0 = Debug|Any CPU
		{E5783E17-BE04-44FF-9333-31D0E70C0D32}.Debug|x86.ActiveCfg = Debug|Any CPU
		{E5783E17-BE04-44FF-9333-31D0E70C0D32}.Debug|x86.Build.0 = Debug|Any CPU
		{E5783E17-BE04-44FF-9333-31D0E70C0D32}.Release|Any CPU.ActiveCfg = Release|Any CPU
		{E5783E17-BE04-44FF-9333-31D0E70C0D32}.Release|Any CPU.Build.0 = Release|Any CPU
		{E5783E17-BE04-44FF-9333-31D0E70C0D32}.Release|Mixed Platforms.ActiveCfg = Release|Any CPU
		{E5783E17-BE04-44FF-9333-31D0E70C0D32}.Release|Mixed Platforms.Build.0 = Release|Any CPU
		{E5783E17-BE04-44FF-9333-31D0E70C0D32}.Release|x64.ActiveCfg = Release|Any CPU
		{E5783E17-BE04-44FF-9333-31D0E70C0D32}.Release|x64.Build.0 = Release|Any CPU
		{E5783E17-BE04-44FF-9333-31D0E70C0D32}.Release|x86.ActiveCfg = Release|Any CPU
		{E5783E17-BE04-44FF-9333-31D0E70C0D32}.Release|x86.Build.0 = Release|Any CPU
		{24743C8C-A488-499C-ABA1-040D596DABD7}.Debug|Any CPU.ActiveCfg = Debug|Any CPU
		{24743C8C-A488-499C-ABA1-040D596DABD7}.Debug|Any CPU.Build.0 = Debug|Any CPU
		{24743C8C-A488-499C-ABA1-040D596DABD7}.Debug|Mixed Platforms.ActiveCfg = Debug|Any CPU
		{24743C8C-A488-499C-ABA1-040D596DABD7}.Debug|Mixed Platforms.Build.0 = Debug|Any CPU
		{24743C8C-A488-499C-ABA1-040D596DABD7}.Debug|x64.ActiveCfg = Debug|Any CPU
		{24743C8C-A488-499C-ABA1-040D596DABD7}.Debug|x64.Build.0 = Debug|Any CPU
		{24743C8C-A488-499C-ABA1-040D596DABD7}.Debug|x86.ActiveCfg = Debug|Any CPU
		{24743C8C-A488-499C-ABA1-040D596DABD7}.Debug|x86.Build.0 = Debug|Any CPU
		{24743C8C-A488-499C-ABA1-040D596DABD7}.Release|Any CPU.ActiveCfg = Release|Any CPU
		{24743C8C-A488-499C-ABA1-040D596DABD7}.Release|Any CPU.Build.0 = Release|Any CPU
		{24743C8C-A488-499C-ABA1-040D596DABD7}.Release|Mixed Platforms.ActiveCfg = Release|Any CPU
		{24743C8C-A488-499C-ABA1-040D596DABD7}.Release|Mixed Platforms.Build.0 = Release|Any CPU
		{24743C8C-A488-499C-ABA1-040D596DABD7}.Release|x64.ActiveCfg = Release|Any CPU
		{24743C8C-A488-499C-ABA1-040D596DABD7}.Release|x64.Build.0 = Release|Any CPU
		{24743C8C-A488-499C-ABA1-040D596DABD7}.Release|x86.ActiveCfg = Release|Any CPU
		{24743C8C-A488-499C-ABA1-040D596DABD7}.Release|x86.Build.0 = Release|Any CPU
		{5BB35524-8C3F-4553-B4F6-D7672A4E5C72}.Debug|Any CPU.ActiveCfg = Debug|Any CPU
		{5BB35524-8C3F-4553-B4F6-D7672A4E5C72}.Debug|Any CPU.Build.0 = Debug|Any CPU
		{5BB35524-8C3F-4553-B4F6-D7672A4E5C72}.Debug|Mixed Platforms.ActiveCfg = Debug|Any CPU
		{5BB35524-8C3F-4553-B4F6-D7672A4E5C72}.Debug|Mixed Platforms.Build.0 = Debug|Any CPU
		{5BB35524-8C3F-4553-B4F6-D7672A4E5C72}.Debug|x64.ActiveCfg = Debug|Any CPU
		{5BB35524-8C3F-4553-B4F6-D7672A4E5C72}.Debug|x64.Build.0 = Debug|Any CPU
		{5BB35524-8C3F-4553-B4F6-D7672A4E5C72}.Debug|x86.ActiveCfg = Debug|Any CPU
		{5BB35524-8C3F-4553-B4F6-D7672A4E5C72}.Debug|x86.Build.0 = Debug|Any CPU
		{5BB35524-8C3F-4553-B4F6-D7672A4E5C72}.Release|Any CPU.ActiveCfg = Release|Any CPU
		{5BB35524-8C3F-4553-B4F6-D7672A4E5C72}.Release|Any CPU.Build.0 = Release|Any CPU
		{5BB35524-8C3F-4553-B4F6-D7672A4E5C72}.Release|Mixed Platforms.ActiveCfg = Release|Any CPU
		{5BB35524-8C3F-4553-B4F6-D7672A4E5C72}.Release|Mixed Platforms.Build.0 = Release|Any CPU
		{5BB35524-8C3F-4553-B4F6-D7672A4E5C72}.Release|x64.ActiveCfg = Release|Any CPU
		{5BB35524-8C3F-4553-B4F6-D7672A4E5C72}.Release|x64.Build.0 = Release|Any CPU
		{5BB35524-8C3F-4553-B4F6-D7672A4E5C72}.Release|x86.ActiveCfg = Release|Any CPU
		{5BB35524-8C3F-4553-B4F6-D7672A4E5C72}.Release|x86.Build.0 = Release|Any CPU
		{FE415C68-0E0A-4827-B82E-02BA5DF0CDEA}.Debug|Any CPU.ActiveCfg = Debug|Any CPU
		{FE415C68-0E0A-4827-B82E-02BA5DF0CDEA}.Debug|Any CPU.Build.0 = Debug|Any CPU
		{FE415C68-0E0A-4827-B82E-02BA5DF0CDEA}.Debug|Mixed Platforms.ActiveCfg = Debug|Any CPU
		{FE415C68-0E0A-4827-B82E-02BA5DF0CDEA}.Debug|Mixed Platforms.Build.0 = Debug|Any CPU
		{FE415C68-0E0A-4827-B82E-02BA5DF0CDEA}.Debug|x64.ActiveCfg = Debug|Any CPU
		{FE415C68-0E0A-4827-B82E-02BA5DF0CDEA}.Debug|x64.Build.0 = Debug|Any CPU
		{FE415C68-0E0A-4827-B82E-02BA5DF0CDEA}.Debug|x86.ActiveCfg = Debug|Any CPU
		{FE415C68-0E0A-4827-B82E-02BA5DF0CDEA}.Debug|x86.Build.0 = Debug|Any CPU
		{FE415C68-0E0A-4827-B82E-02BA5DF0CDEA}.Release|Any CPU.ActiveCfg = Release|Any CPU
		{FE415C68-0E0A-4827-B82E-02BA5DF0CDEA}.Release|Any CPU.Build.0 = Release|Any CPU
		{FE415C68-0E0A-4827-B82E-02BA5DF0CDEA}.Release|Mixed Platforms.ActiveCfg = Release|Any CPU
		{FE415C68-0E0A-4827-B82E-02BA5DF0CDEA}.Release|Mixed Platforms.Build.0 = Release|Any CPU
		{FE415C68-0E0A-4827-B82E-02BA5DF0CDEA}.Release|x64.ActiveCfg = Release|Any CPU
		{FE415C68-0E0A-4827-B82E-02BA5DF0CDEA}.Release|x64.Build.0 = Release|Any CPU
		{FE415C68-0E0A-4827-B82E-02BA5DF0CDEA}.Release|x86.ActiveCfg = Release|Any CPU
		{FE415C68-0E0A-4827-B82E-02BA5DF0CDEA}.Release|x86.Build.0 = Release|Any CPU
		{A7AE05D7-25DC-4BC1-A8F6-B63419282847}.Debug|Any CPU.ActiveCfg = Debug|Any CPU
		{A7AE05D7-25DC-4BC1-A8F6-B63419282847}.Debug|Any CPU.Build.0 = Debug|Any CPU
		{A7AE05D7-25DC-4BC1-A8F6-B63419282847}.Debug|Mixed Platforms.ActiveCfg = Debug|Any CPU
		{A7AE05D7-25DC-4BC1-A8F6-B63419282847}.Debug|Mixed Platforms.Build.0 = Debug|Any CPU
		{A7AE05D7-25DC-4BC1-A8F6-B63419282847}.Debug|x64.ActiveCfg = Debug|Any CPU
		{A7AE05D7-25DC-4BC1-A8F6-B63419282847}.Debug|x64.Build.0 = Debug|Any CPU
		{A7AE05D7-25DC-4BC1-A8F6-B63419282847}.Debug|x86.ActiveCfg = Debug|Any CPU
		{A7AE05D7-25DC-4BC1-A8F6-B63419282847}.Debug|x86.Build.0 = Debug|Any CPU
		{A7AE05D7-25DC-4BC1-A8F6-B63419282847}.Release|Any CPU.ActiveCfg = Release|Any CPU
		{A7AE05D7-25DC-4BC1-A8F6-B63419282847}.Release|Any CPU.Build.0 = Release|Any CPU
		{A7AE05D7-25DC-4BC1-A8F6-B63419282847}.Release|Mixed Platforms.ActiveCfg = Release|Any CPU
		{A7AE05D7-25DC-4BC1-A8F6-B63419282847}.Release|Mixed Platforms.Build.0 = Release|Any CPU
		{A7AE05D7-25DC-4BC1-A8F6-B63419282847}.Release|x64.ActiveCfg = Release|Any CPU
		{A7AE05D7-25DC-4BC1-A8F6-B63419282847}.Release|x64.Build.0 = Release|Any CPU
		{A7AE05D7-25DC-4BC1-A8F6-B63419282847}.Release|x86.ActiveCfg = Release|Any CPU
		{A7AE05D7-25DC-4BC1-A8F6-B63419282847}.Release|x86.Build.0 = Release|Any CPU
		{A7D98865-0684-424E-91A2-246F58AC72ED}.Debug|Any CPU.ActiveCfg = Debug|Any CPU
		{A7D98865-0684-424E-91A2-246F58AC72ED}.Debug|Any CPU.Build.0 = Debug|Any CPU
		{A7D98865-0684-424E-91A2-246F58AC72ED}.Debug|Mixed Platforms.ActiveCfg = Debug|Any CPU
		{A7D98865-0684-424E-91A2-246F58AC72ED}.Debug|Mixed Platforms.Build.0 = Debug|Any CPU
		{A7D98865-0684-424E-91A2-246F58AC72ED}.Debug|x64.ActiveCfg = Debug|Any CPU
		{A7D98865-0684-424E-91A2-246F58AC72ED}.Debug|x64.Build.0 = Debug|Any CPU
		{A7D98865-0684-424E-91A2-246F58AC72ED}.Debug|x86.ActiveCfg = Debug|Any CPU
		{A7D98865-0684-424E-91A2-246F58AC72ED}.Debug|x86.Build.0 = Debug|Any CPU
		{A7D98865-0684-424E-91A2-246F58AC72ED}.Release|Any CPU.ActiveCfg = Release|Any CPU
		{A7D98865-0684-424E-91A2-246F58AC72ED}.Release|Any CPU.Build.0 = Release|Any CPU
		{A7D98865-0684-424E-91A2-246F58AC72ED}.Release|Mixed Platforms.ActiveCfg = Release|Any CPU
		{A7D98865-0684-424E-91A2-246F58AC72ED}.Release|Mixed Platforms.Build.0 = Release|Any CPU
		{A7D98865-0684-424E-91A2-246F58AC72ED}.Release|x64.ActiveCfg = Release|Any CPU
		{A7D98865-0684-424E-91A2-246F58AC72ED}.Release|x64.Build.0 = Release|Any CPU
		{A7D98865-0684-424E-91A2-246F58AC72ED}.Release|x86.ActiveCfg = Release|Any CPU
		{A7D98865-0684-424E-91A2-246F58AC72ED}.Release|x86.Build.0 = Release|Any CPU
		{EB126644-8974-4775-9D3C-DC47300A57BE}.Debug|Any CPU.ActiveCfg = Debug|Any CPU
		{EB126644-8974-4775-9D3C-DC47300A57BE}.Debug|Any CPU.Build.0 = Debug|Any CPU
		{EB126644-8974-4775-9D3C-DC47300A57BE}.Debug|Mixed Platforms.ActiveCfg = Debug|Any CPU
		{EB126644-8974-4775-9D3C-DC47300A57BE}.Debug|Mixed Platforms.Build.0 = Debug|Any CPU
		{EB126644-8974-4775-9D3C-DC47300A57BE}.Debug|x64.ActiveCfg = Debug|Any CPU
		{EB126644-8974-4775-9D3C-DC47300A57BE}.Debug|x64.Build.0 = Debug|Any CPU
		{EB126644-8974-4775-9D3C-DC47300A57BE}.Debug|x86.ActiveCfg = Debug|Any CPU
		{EB126644-8974-4775-9D3C-DC47300A57BE}.Debug|x86.Build.0 = Debug|Any CPU
		{EB126644-8974-4775-9D3C-DC47300A57BE}.Release|Any CPU.ActiveCfg = Release|Any CPU
		{EB126644-8974-4775-9D3C-DC47300A57BE}.Release|Any CPU.Build.0 = Release|Any CPU
		{EB126644-8974-4775-9D3C-DC47300A57BE}.Release|Mixed Platforms.ActiveCfg = Release|Any CPU
		{EB126644-8974-4775-9D3C-DC47300A57BE}.Release|Mixed Platforms.Build.0 = Release|Any CPU
		{EB126644-8974-4775-9D3C-DC47300A57BE}.Release|x64.ActiveCfg = Release|Any CPU
		{EB126644-8974-4775-9D3C-DC47300A57BE}.Release|x64.Build.0 = Release|Any CPU
		{EB126644-8974-4775-9D3C-DC47300A57BE}.Release|x86.ActiveCfg = Release|Any CPU
		{EB126644-8974-4775-9D3C-DC47300A57BE}.Release|x86.Build.0 = Release|Any CPU
		{AF74C718-EAAF-4972-90D5-CFA41377735D}.Debug|Any CPU.ActiveCfg = Debug|Any CPU
		{AF74C718-EAAF-4972-90D5-CFA41377735D}.Debug|Any CPU.Build.0 = Debug|Any CPU
		{AF74C718-EAAF-4972-90D5-CFA41377735D}.Debug|Mixed Platforms.ActiveCfg = Debug|Any CPU
		{AF74C718-EAAF-4972-90D5-CFA41377735D}.Debug|Mixed Platforms.Build.0 = Debug|Any CPU
		{AF74C718-EAAF-4972-90D5-CFA41377735D}.Debug|x64.ActiveCfg = Debug|Any CPU
		{AF74C718-EAAF-4972-90D5-CFA41377735D}.Debug|x64.Build.0 = Debug|Any CPU
		{AF74C718-EAAF-4972-90D5-CFA41377735D}.Debug|x86.ActiveCfg = Debug|Any CPU
		{AF74C718-EAAF-4972-90D5-CFA41377735D}.Debug|x86.Build.0 = Debug|Any CPU
		{AF74C718-EAAF-4972-90D5-CFA41377735D}.Release|Any CPU.ActiveCfg = Release|Any CPU
		{AF74C718-EAAF-4972-90D5-CFA41377735D}.Release|Any CPU.Build.0 = Release|Any CPU
		{AF74C718-EAAF-4972-90D5-CFA41377735D}.Release|Mixed Platforms.ActiveCfg = Release|Any CPU
		{AF74C718-EAAF-4972-90D5-CFA41377735D}.Release|Mixed Platforms.Build.0 = Release|Any CPU
		{AF74C718-EAAF-4972-90D5-CFA41377735D}.Release|x64.ActiveCfg = Release|Any CPU
		{AF74C718-EAAF-4972-90D5-CFA41377735D}.Release|x64.Build.0 = Release|Any CPU
		{AF74C718-EAAF-4972-90D5-CFA41377735D}.Release|x86.ActiveCfg = Release|Any CPU
		{AF74C718-EAAF-4972-90D5-CFA41377735D}.Release|x86.Build.0 = Release|Any CPU
		{60F780BF-9AC4-4597-9CB7-2C8DC8BC2297}.Debug|Any CPU.ActiveCfg = Debug|Any CPU
		{60F780BF-9AC4-4597-9CB7-2C8DC8BC2297}.Debug|Any CPU.Build.0 = Debug|Any CPU
		{60F780BF-9AC4-4597-9CB7-2C8DC8BC2297}.Debug|Mixed Platforms.ActiveCfg = Debug|Any CPU
		{60F780BF-9AC4-4597-9CB7-2C8DC8BC2297}.Debug|Mixed Platforms.Build.0 = Debug|Any CPU
		{60F780BF-9AC4-4597-9CB7-2C8DC8BC2297}.Debug|x64.ActiveCfg = Debug|Any CPU
		{60F780BF-9AC4-4597-9CB7-2C8DC8BC2297}.Debug|x64.Build.0 = Debug|Any CPU
		{60F780BF-9AC4-4597-9CB7-2C8DC8BC2297}.Debug|x86.ActiveCfg = Debug|Any CPU
		{60F780BF-9AC4-4597-9CB7-2C8DC8BC2297}.Debug|x86.Build.0 = Debug|Any CPU
		{60F780BF-9AC4-4597-9CB7-2C8DC8BC2297}.Release|Any CPU.ActiveCfg = Release|Any CPU
		{60F780BF-9AC4-4597-9CB7-2C8DC8BC2297}.Release|Any CPU.Build.0 = Release|Any CPU
		{60F780BF-9AC4-4597-9CB7-2C8DC8BC2297}.Release|Mixed Platforms.ActiveCfg = Release|Any CPU
		{60F780BF-9AC4-4597-9CB7-2C8DC8BC2297}.Release|Mixed Platforms.Build.0 = Release|Any CPU
		{60F780BF-9AC4-4597-9CB7-2C8DC8BC2297}.Release|x64.ActiveCfg = Release|Any CPU
		{60F780BF-9AC4-4597-9CB7-2C8DC8BC2297}.Release|x64.Build.0 = Release|Any CPU
		{60F780BF-9AC4-4597-9CB7-2C8DC8BC2297}.Release|x86.ActiveCfg = Release|Any CPU
		{60F780BF-9AC4-4597-9CB7-2C8DC8BC2297}.Release|x86.Build.0 = Release|Any CPU
		{E468D53B-AA53-4A92-99D9-7C64E0982B4F}.Debug|Any CPU.ActiveCfg = Debug|Any CPU
		{E468D53B-AA53-4A92-99D9-7C64E0982B4F}.Debug|Any CPU.Build.0 = Debug|Any CPU
		{E468D53B-AA53-4A92-99D9-7C64E0982B4F}.Debug|Mixed Platforms.ActiveCfg = Debug|Any CPU
		{E468D53B-AA53-4A92-99D9-7C64E0982B4F}.Debug|Mixed Platforms.Build.0 = Debug|Any CPU
		{E468D53B-AA53-4A92-99D9-7C64E0982B4F}.Debug|x64.ActiveCfg = Debug|Any CPU
		{E468D53B-AA53-4A92-99D9-7C64E0982B4F}.Debug|x64.Build.0 = Debug|Any CPU
		{E468D53B-AA53-4A92-99D9-7C64E0982B4F}.Debug|x86.ActiveCfg = Debug|Any CPU
		{E468D53B-AA53-4A92-99D9-7C64E0982B4F}.Debug|x86.Build.0 = Debug|Any CPU
		{E468D53B-AA53-4A92-99D9-7C64E0982B4F}.Release|Any CPU.ActiveCfg = Release|Any CPU
		{E468D53B-AA53-4A92-99D9-7C64E0982B4F}.Release|Any CPU.Build.0 = Release|Any CPU
		{E468D53B-AA53-4A92-99D9-7C64E0982B4F}.Release|Mixed Platforms.ActiveCfg = Release|Any CPU
		{E468D53B-AA53-4A92-99D9-7C64E0982B4F}.Release|Mixed Platforms.Build.0 = Release|Any CPU
		{E468D53B-AA53-4A92-99D9-7C64E0982B4F}.Release|x64.ActiveCfg = Release|Any CPU
		{E468D53B-AA53-4A92-99D9-7C64E0982B4F}.Release|x64.Build.0 = Release|Any CPU
		{E468D53B-AA53-4A92-99D9-7C64E0982B4F}.Release|x86.ActiveCfg = Release|Any CPU
		{E468D53B-AA53-4A92-99D9-7C64E0982B4F}.Release|x86.Build.0 = Release|Any CPU
		{F2A0EC32-7ED3-4397-8E62-336AEDD7E987}.Debug|Any CPU.ActiveCfg = Debug|Any CPU
		{F2A0EC32-7ED3-4397-8E62-336AEDD7E987}.Debug|Any CPU.Build.0 = Debug|Any CPU
		{F2A0EC32-7ED3-4397-8E62-336AEDD7E987}.Debug|Mixed Platforms.ActiveCfg = Debug|Any CPU
		{F2A0EC32-7ED3-4397-8E62-336AEDD7E987}.Debug|Mixed Platforms.Build.0 = Debug|Any CPU
		{F2A0EC32-7ED3-4397-8E62-336AEDD7E987}.Debug|x64.ActiveCfg = Debug|Any CPU
		{F2A0EC32-7ED3-4397-8E62-336AEDD7E987}.Debug|x64.Build.0 = Debug|Any CPU
		{F2A0EC32-7ED3-4397-8E62-336AEDD7E987}.Debug|x86.ActiveCfg = Debug|Any CPU
		{F2A0EC32-7ED3-4397-8E62-336AEDD7E987}.Debug|x86.Build.0 = Debug|Any CPU
		{F2A0EC32-7ED3-4397-8E62-336AEDD7E987}.Release|Any CPU.ActiveCfg = Release|Any CPU
		{F2A0EC32-7ED3-4397-8E62-336AEDD7E987}.Release|Any CPU.Build.0 = Release|Any CPU
		{F2A0EC32-7ED3-4397-8E62-336AEDD7E987}.Release|Mixed Platforms.ActiveCfg = Release|Any CPU
		{F2A0EC32-7ED3-4397-8E62-336AEDD7E987}.Release|Mixed Platforms.Build.0 = Release|Any CPU
		{F2A0EC32-7ED3-4397-8E62-336AEDD7E987}.Release|x64.ActiveCfg = Release|Any CPU
		{F2A0EC32-7ED3-4397-8E62-336AEDD7E987}.Release|x64.Build.0 = Release|Any CPU
		{F2A0EC32-7ED3-4397-8E62-336AEDD7E987}.Release|x86.ActiveCfg = Release|Any CPU
		{F2A0EC32-7ED3-4397-8E62-336AEDD7E987}.Release|x86.Build.0 = Release|Any CPU
		{06679210-6509-4920-AA58-9CAF24CB090B}.Debug|Any CPU.ActiveCfg = Debug|Any CPU
		{06679210-6509-4920-AA58-9CAF24CB090B}.Debug|Any CPU.Build.0 = Debug|Any CPU
		{06679210-6509-4920-AA58-9CAF24CB090B}.Debug|Mixed Platforms.ActiveCfg = Debug|Any CPU
		{06679210-6509-4920-AA58-9CAF24CB090B}.Debug|Mixed Platforms.Build.0 = Debug|Any CPU
		{06679210-6509-4920-AA58-9CAF24CB090B}.Debug|x64.ActiveCfg = Debug|Any CPU
		{06679210-6509-4920-AA58-9CAF24CB090B}.Debug|x64.Build.0 = Debug|Any CPU
		{06679210-6509-4920-AA58-9CAF24CB090B}.Debug|x86.ActiveCfg = Debug|Any CPU
		{06679210-6509-4920-AA58-9CAF24CB090B}.Debug|x86.Build.0 = Debug|Any CPU
		{06679210-6509-4920-AA58-9CAF24CB090B}.Release|Any CPU.ActiveCfg = Release|Any CPU
		{06679210-6509-4920-AA58-9CAF24CB090B}.Release|Any CPU.Build.0 = Release|Any CPU
		{06679210-6509-4920-AA58-9CAF24CB090B}.Release|Mixed Platforms.ActiveCfg = Release|Any CPU
		{06679210-6509-4920-AA58-9CAF24CB090B}.Release|Mixed Platforms.Build.0 = Release|Any CPU
		{06679210-6509-4920-AA58-9CAF24CB090B}.Release|x64.ActiveCfg = Release|Any CPU
		{06679210-6509-4920-AA58-9CAF24CB090B}.Release|x64.Build.0 = Release|Any CPU
		{06679210-6509-4920-AA58-9CAF24CB090B}.Release|x86.ActiveCfg = Release|Any CPU
		{06679210-6509-4920-AA58-9CAF24CB090B}.Release|x86.Build.0 = Release|Any CPU
		{65D9E30F-8827-4911-BBC6-3A1BCBCDA388}.Debug|Any CPU.ActiveCfg = Debug|Any CPU
		{65D9E30F-8827-4911-BBC6-3A1BCBCDA388}.Debug|Any CPU.Build.0 = Debug|Any CPU
		{65D9E30F-8827-4911-BBC6-3A1BCBCDA388}.Debug|Mixed Platforms.ActiveCfg = Debug|Any CPU
		{65D9E30F-8827-4911-BBC6-3A1BCBCDA388}.Debug|Mixed Platforms.Build.0 = Debug|Any CPU
		{65D9E30F-8827-4911-BBC6-3A1BCBCDA388}.Debug|x64.ActiveCfg = Debug|Any CPU
		{65D9E30F-8827-4911-BBC6-3A1BCBCDA388}.Debug|x64.Build.0 = Debug|Any CPU
		{65D9E30F-8827-4911-BBC6-3A1BCBCDA388}.Debug|x86.ActiveCfg = Debug|Any CPU
		{65D9E30F-8827-4911-BBC6-3A1BCBCDA388}.Debug|x86.Build.0 = Debug|Any CPU
		{65D9E30F-8827-4911-BBC6-3A1BCBCDA388}.Release|Any CPU.ActiveCfg = Release|Any CPU
		{65D9E30F-8827-4911-BBC6-3A1BCBCDA388}.Release|Any CPU.Build.0 = Release|Any CPU
		{65D9E30F-8827-4911-BBC6-3A1BCBCDA388}.Release|Mixed Platforms.ActiveCfg = Release|Any CPU
		{65D9E30F-8827-4911-BBC6-3A1BCBCDA388}.Release|Mixed Platforms.Build.0 = Release|Any CPU
		{65D9E30F-8827-4911-BBC6-3A1BCBCDA388}.Release|x64.ActiveCfg = Release|Any CPU
		{65D9E30F-8827-4911-BBC6-3A1BCBCDA388}.Release|x64.Build.0 = Release|Any CPU
		{65D9E30F-8827-4911-BBC6-3A1BCBCDA388}.Release|x86.ActiveCfg = Release|Any CPU
		{65D9E30F-8827-4911-BBC6-3A1BCBCDA388}.Release|x86.Build.0 = Release|Any CPU
		{F1A1C4C8-1C62-460E-84F2-63080E751441}.Debug|Any CPU.ActiveCfg = Debug|Any CPU
		{F1A1C4C8-1C62-460E-84F2-63080E751441}.Debug|Any CPU.Build.0 = Debug|Any CPU
		{F1A1C4C8-1C62-460E-84F2-63080E751441}.Debug|Mixed Platforms.ActiveCfg = Debug|Any CPU
		{F1A1C4C8-1C62-460E-84F2-63080E751441}.Debug|Mixed Platforms.Build.0 = Debug|Any CPU
		{F1A1C4C8-1C62-460E-84F2-63080E751441}.Debug|x64.ActiveCfg = Debug|Any CPU
		{F1A1C4C8-1C62-460E-84F2-63080E751441}.Debug|x64.Build.0 = Debug|Any CPU
		{F1A1C4C8-1C62-460E-84F2-63080E751441}.Debug|x86.ActiveCfg = Debug|Any CPU
		{F1A1C4C8-1C62-460E-84F2-63080E751441}.Debug|x86.Build.0 = Debug|Any CPU
		{F1A1C4C8-1C62-460E-84F2-63080E751441}.Release|Any CPU.ActiveCfg = Release|Any CPU
		{F1A1C4C8-1C62-460E-84F2-63080E751441}.Release|Any CPU.Build.0 = Release|Any CPU
		{F1A1C4C8-1C62-460E-84F2-63080E751441}.Release|Mixed Platforms.ActiveCfg = Release|Any CPU
		{F1A1C4C8-1C62-460E-84F2-63080E751441}.Release|Mixed Platforms.Build.0 = Release|Any CPU
		{F1A1C4C8-1C62-460E-84F2-63080E751441}.Release|x64.ActiveCfg = Release|Any CPU
		{F1A1C4C8-1C62-460E-84F2-63080E751441}.Release|x64.Build.0 = Release|Any CPU
		{F1A1C4C8-1C62-460E-84F2-63080E751441}.Release|x86.ActiveCfg = Release|Any CPU
		{F1A1C4C8-1C62-460E-84F2-63080E751441}.Release|x86.Build.0 = Release|Any CPU
		{BC058911-AA38-48E1-912C-0FF22DB00E46}.Debug|Any CPU.ActiveCfg = Debug|Any CPU
		{BC058911-AA38-48E1-912C-0FF22DB00E46}.Debug|Any CPU.Build.0 = Debug|Any CPU
		{BC058911-AA38-48E1-912C-0FF22DB00E46}.Debug|Mixed Platforms.ActiveCfg = Debug|Any CPU
		{BC058911-AA38-48E1-912C-0FF22DB00E46}.Debug|Mixed Platforms.Build.0 = Debug|Any CPU
		{BC058911-AA38-48E1-912C-0FF22DB00E46}.Debug|x64.ActiveCfg = Debug|Any CPU
		{BC058911-AA38-48E1-912C-0FF22DB00E46}.Debug|x64.Build.0 = Debug|Any CPU
		{BC058911-AA38-48E1-912C-0FF22DB00E46}.Debug|x86.ActiveCfg = Debug|Any CPU
		{BC058911-AA38-48E1-912C-0FF22DB00E46}.Debug|x86.Build.0 = Debug|Any CPU
		{BC058911-AA38-48E1-912C-0FF22DB00E46}.Release|Any CPU.ActiveCfg = Release|Any CPU
		{BC058911-AA38-48E1-912C-0FF22DB00E46}.Release|Any CPU.Build.0 = Release|Any CPU
		{BC058911-AA38-48E1-912C-0FF22DB00E46}.Release|Mixed Platforms.ActiveCfg = Release|Any CPU
		{BC058911-AA38-48E1-912C-0FF22DB00E46}.Release|Mixed Platforms.Build.0 = Release|Any CPU
		{BC058911-AA38-48E1-912C-0FF22DB00E46}.Release|x64.ActiveCfg = Release|Any CPU
		{BC058911-AA38-48E1-912C-0FF22DB00E46}.Release|x64.Build.0 = Release|Any CPU
		{BC058911-AA38-48E1-912C-0FF22DB00E46}.Release|x86.ActiveCfg = Release|Any CPU
		{BC058911-AA38-48E1-912C-0FF22DB00E46}.Release|x86.Build.0 = Release|Any CPU
		{0B3CFF4A-48F1-4393-BE5C-82CA0B580459}.Debug|Any CPU.ActiveCfg = Debug|Any CPU
		{0B3CFF4A-48F1-4393-BE5C-82CA0B580459}.Debug|Any CPU.Build.0 = Debug|Any CPU
		{0B3CFF4A-48F1-4393-BE5C-82CA0B580459}.Debug|Mixed Platforms.ActiveCfg = Debug|Any CPU
		{0B3CFF4A-48F1-4393-BE5C-82CA0B580459}.Debug|Mixed Platforms.Build.0 = Debug|Any CPU
		{0B3CFF4A-48F1-4393-BE5C-82CA0B580459}.Debug|x64.ActiveCfg = Debug|Any CPU
		{0B3CFF4A-48F1-4393-BE5C-82CA0B580459}.Debug|x64.Build.0 = Debug|Any CPU
		{0B3CFF4A-48F1-4393-BE5C-82CA0B580459}.Debug|x86.ActiveCfg = Debug|Any CPU
		{0B3CFF4A-48F1-4393-BE5C-82CA0B580459}.Debug|x86.Build.0 = Debug|Any CPU
		{0B3CFF4A-48F1-4393-BE5C-82CA0B580459}.Release|Any CPU.ActiveCfg = Release|Any CPU
		{0B3CFF4A-48F1-4393-BE5C-82CA0B580459}.Release|Any CPU.Build.0 = Release|Any CPU
		{0B3CFF4A-48F1-4393-BE5C-82CA0B580459}.Release|Mixed Platforms.ActiveCfg = Release|Any CPU
		{0B3CFF4A-48F1-4393-BE5C-82CA0B580459}.Release|Mixed Platforms.Build.0 = Release|Any CPU
		{0B3CFF4A-48F1-4393-BE5C-82CA0B580459}.Release|x64.ActiveCfg = Release|Any CPU
		{0B3CFF4A-48F1-4393-BE5C-82CA0B580459}.Release|x64.Build.0 = Release|Any CPU
		{0B3CFF4A-48F1-4393-BE5C-82CA0B580459}.Release|x86.ActiveCfg = Release|Any CPU
		{0B3CFF4A-48F1-4393-BE5C-82CA0B580459}.Release|x86.Build.0 = Release|Any CPU
	EndGlobalSection
	GlobalSection(SolutionProperties) = preSolution
		HideSolutionNode = FALSE
	EndGlobalSection
	GlobalSection(NestedProjects) = preSolution
		{A777CFAF-42A8-4BD8-9E01-4698F23CB810} = {8407AE1D-71E8-492F-8D23-60DB19093C7C}
		{B149FAA2-72F8-4846-8520-DFCDDBDAEE14} = {8407AE1D-71E8-492F-8D23-60DB19093C7C}
		{70374F52-2740-4344-BA84-903C08B10B20} = {8407AE1D-71E8-492F-8D23-60DB19093C7C}
		{75C32A07-9569-4624-9972-3ECEEE4CAE3A} = {45361C5F-6904-4E9A-8EBE-B232F6A96126}
		{424391CA-1C3B-46E5-95FA-29C796B49DF2} = {D09FD50E-F6C7-4D14-A411-1977E3470E66}
		{1FE44FEA-1AE6-4268-8A80-C8F497390EE6} = {D09FD50E-F6C7-4D14-A411-1977E3470E66}
		{0BCE7D40-44E7-44B9-9563-DF41307F1843} = {D09FD50E-F6C7-4D14-A411-1977E3470E66}
		{1DBC6AC1-451A-47F5-88D6-ADBD92C6E30E} = {D09FD50E-F6C7-4D14-A411-1977E3470E66}
		{35076EAE-4553-4208-843F-E52D39A01964} = {D09FD50E-F6C7-4D14-A411-1977E3470E66}
		{2CBB110C-223B-4426-B445-B04772DC17EC} = {59826D6E-121D-4E32-8AD2-6D3748BF72C8}
		{727A7D5A-22B5-4018-9769-AB5DE9B57E01} = {DCADB873-366E-4E24-9BC6-5C2C3AEF0546}
		{EAEAB694-A553-4E68-B0F4-FB0813BF062B} = {7F09FED5-FA8E-44CC-B512-A98A2D33F649}
		{EC763480-CB40-4CFF-88B9-B6209D38114B} = {D9800E4F-2764-49B1-8AB3-1FD92826E6FE}
		{9E8D86B6-2326-43B6-B029-240D0A9139B8} = {37126B16-7D67-4815-94A4-503EFBBBADCB}
		{2037CEFB-8E7A-4D35-8E86-E071104EC6D7} = {8407AE1D-71E8-492F-8D23-60DB19093C7C}
		{200904B4-8BCC-4895-9647-64122B668FDE} = {20508EAE-FC02-46BD-856E-8FFF36935667}
		{94DAF9D6-E416-4964-B1C8-7A80B259BAA9} = {F3C0DE1B-B3A2-432E-ABEB-89887D5DDE50}
		{7060CB48-A41B-4AF4-AFF3-B54CD57B7101} = {F3C0DE1B-B3A2-432E-ABEB-89887D5DDE50}
		{2A5B4F56-580F-418C-AB3B-545D7A7E81CB} = {D256CA8B-112A-4D6A-AEAF-551A71CBC2C0}
		{9DFDA7D6-4482-4E9A-8AF3-FB4DD96F79FF} = {D9800E4F-2764-49B1-8AB3-1FD92826E6FE}
		{EF2029DA-FCD8-433D-8E19-E9E41D31ED1A} = {8852D5F7-40A4-46D5-8F8B-A7FE79F207B0}
		{4A95C8BA-E941-49D5-8BB1-37D94C7EFD80} = {1F97CF55-9D70-4493-9134-6BBC78C0A4C5}
		{97EB866F-64C2-4DF0-B191-A36C975CA012} = {1F97CF55-9D70-4493-9134-6BBC78C0A4C5}
		{61FDFE91-0853-47E7-9F76-DF885C28CEF0} = {8407AE1D-71E8-492F-8D23-60DB19093C7C}
		{A2938D3C-DA44-4ABB-9F66-A4D502C803C7} = {8407AE1D-71E8-492F-8D23-60DB19093C7C}
		{214AA3C8-CF4D-4A80-B67B-29E9E1558980} = {D9800E4F-2764-49B1-8AB3-1FD92826E6FE}
		{45061928-C88A-401B-B81C-4CC79DD70C4C} = {20508EAE-FC02-46BD-856E-8FFF36935667}
		{98A73AC3-620F-4520-89EA-B97A75573A3C} = {7F09FED5-FA8E-44CC-B512-A98A2D33F649}
		{1B7B9BF4-F2A5-4C6B-ADF5-F71006B7B579} = {52AB0698-60DF-4705-BE55-E12330997D87}
		{F0CD076A-2CD3-4F2B-9885-5ADFD90504B5} = {0DF6083C-4091-4420-B5DB-F045A1B9C004}
		{88C3F660-2594-4891-8892-14BC3790C54E} = {52AB0698-60DF-4705-BE55-E12330997D87}
		{D9800E4F-2764-49B1-8AB3-1FD92826E6FE} = {7F09FED5-FA8E-44CC-B512-A98A2D33F649}
		{37126B16-7D67-4815-94A4-503EFBBBADCB} = {7F09FED5-FA8E-44CC-B512-A98A2D33F649}
		{F3C0DE1B-B3A2-432E-ABEB-89887D5DDE50} = {7F09FED5-FA8E-44CC-B512-A98A2D33F649}
		{CF472BF4-2AE8-44C7-8B29-68824FF2E0AD} = {F3C0DE1B-B3A2-432E-ABEB-89887D5DDE50}
		{20508EAE-FC02-46BD-856E-8FFF36935667} = {7F09FED5-FA8E-44CC-B512-A98A2D33F649}
		{8852D5F7-40A4-46D5-8F8B-A7FE79F207B0} = {7F09FED5-FA8E-44CC-B512-A98A2D33F649}
		{D256CA8B-112A-4D6A-AEAF-551A71CBC2C0} = {7F09FED5-FA8E-44CC-B512-A98A2D33F649}
		{0810F9C9-B9F6-4AFC-AEC1-429109454C34} = {88C3F660-2594-4891-8892-14BC3790C54E}
		{8307ED55-63C9-4CE4-AC89-85C03508297E} = {0810F9C9-B9F6-4AFC-AEC1-429109454C34}
		{5FB50757-F571-4C93-B9B9-ADB16E9148AB} = {88C3F660-2594-4891-8892-14BC3790C54E}
		{7C215115-CC74-4FF1-B144-465CB4695128} = {5FB50757-F571-4C93-B9B9-ADB16E9148AB}
		{A2B7C3F0-CFEA-4B7D-B9A2-7FC672C84C11} = {5FB50757-F571-4C93-B9B9-ADB16E9148AB}
		{FC2045EA-B674-461F-8C6A-049731B3D7B5} = {0810F9C9-B9F6-4AFC-AEC1-429109454C34}
		{4C5CD6DB-C8B3-4EBC-BF84-C18D3BB397B6} = {5FB50757-F571-4C93-B9B9-ADB16E9148AB}
		{9DBD6756-0767-42E0-B2FB-3EE6A9EAB45E} = {88C3F660-2594-4891-8892-14BC3790C54E}
		{5BC1031E-167D-4580-987A-9526B0313B2F} = {9DBD6756-0767-42E0-B2FB-3EE6A9EAB45E}
		{C71EFDA0-00C3-4721-BF51-299C53E14E87} = {45361C5F-6904-4E9A-8EBE-B232F6A96126}
		{45361C5F-6904-4E9A-8EBE-B232F6A96126} = {8407AE1D-71E8-492F-8D23-60DB19093C7C}
		{0DF6083C-4091-4420-B5DB-F045A1B9C004} = {1B7B9BF4-F2A5-4C6B-ADF5-F71006B7B579}
		{6751BECA-6925-461A-80CE-EAF429D1EC52} = {0DF6083C-4091-4420-B5DB-F045A1B9C004}
		{965FB469-9604-4073-9728-148CE4CB7FF0} = {88C3F660-2594-4891-8892-14BC3790C54E}
		{E5783E17-BE04-44FF-9333-31D0E70C0D32} = {965FB469-9604-4073-9728-148CE4CB7FF0}
		{24743C8C-A488-499C-ABA1-040D596DABD7} = {5A70FDED-A10E-4653-92F2-9AFFF7B9E0B8}
		{5BB35524-8C3F-4553-B4F6-D7672A4E5C72} = {1B7B9BF4-F2A5-4C6B-ADF5-F71006B7B579}
		{FE415C68-0E0A-4827-B82E-02BA5DF0CDEA} = {0810F9C9-B9F6-4AFC-AEC1-429109454C34}
		{A7AE05D7-25DC-4BC1-A8F6-B63419282847} = {88C3F660-2594-4891-8892-14BC3790C54E}
		{A7D98865-0684-424E-91A2-246F58AC72ED} = {1B7B9BF4-F2A5-4C6B-ADF5-F71006B7B579}
		{5A70FDED-A10E-4653-92F2-9AFFF7B9E0B8} = {88C3F660-2594-4891-8892-14BC3790C54E}
		{DCADB873-366E-4E24-9BC6-5C2C3AEF0546} = {7F09FED5-FA8E-44CC-B512-A98A2D33F649}
		{59826D6E-121D-4E32-8AD2-6D3748BF72C8} = {7F09FED5-FA8E-44CC-B512-A98A2D33F649}
		{1F97CF55-9D70-4493-9134-6BBC78C0A4C5} = {7F09FED5-FA8E-44CC-B512-A98A2D33F649}
		{80EFB6EC-AEE1-4D60-B693-798D81119B6B} = {88C3F660-2594-4891-8892-14BC3790C54E}
		{EB126644-8974-4775-9D3C-DC47300A57BE} = {80EFB6EC-AEE1-4D60-B693-798D81119B6B}
		{CAA23CB7-7567-4F41-A4EC-3C697E73AAA1} = {88C3F660-2594-4891-8892-14BC3790C54E}
		{AF74C718-EAAF-4972-90D5-CFA41377735D} = {CAA23CB7-7567-4F41-A4EC-3C697E73AAA1}
		{60F780BF-9AC4-4597-9CB7-2C8DC8BC2297} = {1B7B9BF4-F2A5-4C6B-ADF5-F71006B7B579}
		{E468D53B-AA53-4A92-99D9-7C64E0982B4F} = {52AB0698-60DF-4705-BE55-E12330997D87}
		{F2A0EC32-7ED3-4397-8E62-336AEDD7E987} = {1B7B9BF4-F2A5-4C6B-ADF5-F71006B7B579}
		{506AFE27-BD97-4FDB-BF84-B84EBFDF77E9} = {52AB0698-60DF-4705-BE55-E12330997D87}
		{06679210-6509-4920-AA58-9CAF24CB090B} = {506AFE27-BD97-4FDB-BF84-B84EBFDF77E9}
		{65D9E30F-8827-4911-BBC6-3A1BCBCDA388} = {506AFE27-BD97-4FDB-BF84-B84EBFDF77E9}
		{E6C9F3D3-724B-40F1-87FF-3AC72D3234F0} = {88C3F660-2594-4891-8892-14BC3790C54E}
		{F1A1C4C8-1C62-460E-84F2-63080E751441} = {E6C9F3D3-724B-40F1-87FF-3AC72D3234F0}
		{BC058911-AA38-48E1-912C-0FF22DB00E46} = {506AFE27-BD97-4FDB-BF84-B84EBFDF77E9}
		{0B3CFF4A-48F1-4393-BE5C-82CA0B580459} = {E6C9F3D3-724B-40F1-87FF-3AC72D3234F0}
	EndGlobalSection
	GlobalSection(ExtensibilityGlobals) = postSolution
		SolutionGuid = {59ACDAFB-51E4-432F-BFC9-0C1597A97FAC}
	EndGlobalSection
EndGlobal
